// !$*UTF8*$!
{
	archiveVersion = 1;
	classes = {
	};
	objectVersion = 46;
	objects = {

/* Begin PBXBuildFile section */
		1F138E4B18D348FC007EF456 /* ASIAuthenticationDialog.m in Sources */ = {isa = PBXBuildFile; fileRef = 1F138DF718D348FC007EF456 /* ASIAuthenticationDialog.m */; settings = {COMPILER_FLAGS = "-fno-objc-arc"; }; };
		1F138E4C18D348FC007EF456 /* ASIDataCompressor.m in Sources */ = {isa = PBXBuildFile; fileRef = 1F138DFA18D348FC007EF456 /* ASIDataCompressor.m */; settings = {COMPILER_FLAGS = "-fno-objc-arc"; }; };
		1F138E4D18D348FC007EF456 /* ASIDataDecompressor.m in Sources */ = {isa = PBXBuildFile; fileRef = 1F138DFC18D348FC007EF456 /* ASIDataDecompressor.m */; settings = {COMPILER_FLAGS = "-fno-objc-arc"; }; };
		1F138E4E18D348FC007EF456 /* ASIDownloadCache.m in Sources */ = {isa = PBXBuildFile; fileRef = 1F138DFE18D348FC007EF456 /* ASIDownloadCache.m */; settings = {COMPILER_FLAGS = "-fno-objc-arc"; }; };
		1F138E4F18D348FC007EF456 /* ASIFormDataRequest.m in Sources */ = {isa = PBXBuildFile; fileRef = 1F138E0018D348FC007EF456 /* ASIFormDataRequest.m */; settings = {COMPILER_FLAGS = "-fno-objc-arc"; }; };
		1F138E5018D348FC007EF456 /* ASIHTTPRequest.m in Sources */ = {isa = PBXBuildFile; fileRef = 1F138E0218D348FC007EF456 /* ASIHTTPRequest.m */; settings = {COMPILER_FLAGS = "-fno-objc-arc"; }; };
		1F138E5118D348FC007EF456 /* ASIInputStream.m in Sources */ = {isa = PBXBuildFile; fileRef = 1F138E0618D348FC007EF456 /* ASIInputStream.m */; settings = {COMPILER_FLAGS = "-fno-objc-arc"; }; };
		1F138E5218D348FC007EF456 /* ASINetworkQueue.m in Sources */ = {isa = PBXBuildFile; fileRef = 1F138E0818D348FC007EF456 /* ASINetworkQueue.m */; settings = {COMPILER_FLAGS = "-fno-objc-arc"; }; };
		1F138E7418D3496E007EF456 /* Reachability.m in Sources */ = {isa = PBXBuildFile; fileRef = 1F138E7318D3496E007EF456 /* Reachability.m */; settings = {COMPILER_FLAGS = "-fno-objc-arc"; }; };
		1F138E7618D349FD007EF456 /* SystemConfiguration.framework in Frameworks */ = {isa = PBXBuildFile; fileRef = 1F138E7518D349FD007EF456 /* SystemConfiguration.framework */; };
		1F138E7818D34A02007EF456 /* MobileCoreServices.framework in Frameworks */ = {isa = PBXBuildFile; fileRef = 1F138E7718D34A02007EF456 /* MobileCoreServices.framework */; };
		1F138E7A18D34A11007EF456 /* libz.dylib in Frameworks */ = {isa = PBXBuildFile; fileRef = 1F138E7918D34A11007EF456 /* libz.dylib */; };
		1F138E8218D34D30007EF456 /* DataEngine.m in Sources */ = {isa = PBXBuildFile; fileRef = 1F138E8118D34D30007EF456 /* DataEngine.m */; };
		1F138E8818D354C4007EF456 /* JSONKit.m in Sources */ = {isa = PBXBuildFile; fileRef = 1F138E8718D354C4007EF456 /* JSONKit.m */; settings = {COMPILER_FLAGS = "-fno-objc-arc"; }; };
		1F509D8718D2E36900B1E411 /* Foundation.framework in Frameworks */ = {isa = PBXBuildFile; fileRef = 1F509D8618D2E36900B1E411 /* Foundation.framework */; };
		1F509D8918D2E36900B1E411 /* CoreGraphics.framework in Frameworks */ = {isa = PBXBuildFile; fileRef = 1F509D8818D2E36900B1E411 /* CoreGraphics.framework */; };
		1F509D8B18D2E36900B1E411 /* UIKit.framework in Frameworks */ = {isa = PBXBuildFile; fileRef = 1F509D8A18D2E36900B1E411 /* UIKit.framework */; };
		1F509D9118D2E36900B1E411 /* InfoPlist.strings in Resources */ = {isa = PBXBuildFile; fileRef = 1F509D8F18D2E36900B1E411 /* InfoPlist.strings */; };
		1F509D9318D2E36900B1E411 /* main.m in Sources */ = {isa = PBXBuildFile; fileRef = 1F509D9218D2E36900B1E411 /* main.m */; };
		1F509D9718D2E36900B1E411 /* AppDelegate.m in Sources */ = {isa = PBXBuildFile; fileRef = 1F509D9618D2E36900B1E411 /* AppDelegate.m */; };
		1F509DBE18D2E43000B1E411 /* MainViewController.m in Sources */ = {isa = PBXBuildFile; fileRef = 1F509DBD18D2E43000B1E411 /* MainViewController.m */; };
		1F509DC318D2E47000B1E411 /* MainViewController.xib in Resources */ = {isa = PBXBuildFile; fileRef = 1F509DC218D2E47000B1E411 /* MainViewController.xib */; };
		1F509DC718D2E6CD00B1E411 /* Default-568h@2x.png in Resources */ = {isa = PBXBuildFile; fileRef = 1F509DC418D2E6CD00B1E411 /* Default-568h@2x.png */; };
		1F509DC818D2E6CD00B1E411 /* Default.png in Resources */ = {isa = PBXBuildFile; fileRef = 1F509DC518D2E6CD00B1E411 /* Default.png */; };
		1F509DC918D2E6CD00B1E411 /* Default@2x.png in Resources */ = {isa = PBXBuildFile; fileRef = 1F509DC618D2E6CD00B1E411 /* Default@2x.png */; };
		1F9EEDBB18D5B0C700F94ED3 /* Topic.m in Sources */ = {isa = PBXBuildFile; fileRef = 1F9EEDB818D5B0C700F94ED3 /* Topic.m */; };
		1F9EEDBC18D5B0C700F94ED3 /* User.m in Sources */ = {isa = PBXBuildFile; fileRef = 1F9EEDBA18D5B0C700F94ED3 /* User.m */; };
		1F9EEDBF18D5B3B600F94ED3 /* DataParse.m in Sources */ = {isa = PBXBuildFile; fileRef = 1F9EEDBE18D5B3B600F94ED3 /* DataParse.m */; };
		1F9EEDC418D5C53A00F94ED3 /* ErrorCodeUtils.m in Sources */ = {isa = PBXBuildFile; fileRef = 1F9EEDC318D5C53A00F94ED3 /* ErrorCodeUtils.m */; };
/* End PBXBuildFile section */

/* Begin PBXFileReference section */
		1F138DF618D348FC007EF456 /* ASIAuthenticationDialog.h */ = {isa = PBXFileReference; fileEncoding = 4; lastKnownFileType = sourcecode.c.h; path = ASIAuthenticationDialog.h; sourceTree = "<group>"; };
		1F138DF718D348FC007EF456 /* ASIAuthenticationDialog.m */ = {isa = PBXFileReference; fileEncoding = 4; lastKnownFileType = sourcecode.c.objc; path = ASIAuthenticationDialog.m; sourceTree = "<group>"; };
		1F138DF818D348FC007EF456 /* ASICacheDelegate.h */ = {isa = PBXFileReference; fileEncoding = 4; lastKnownFileType = sourcecode.c.h; path = ASICacheDelegate.h; sourceTree = "<group>"; };
		1F138DF918D348FC007EF456 /* ASIDataCompressor.h */ = {isa = PBXFileReference; fileEncoding = 4; lastKnownFileType = sourcecode.c.h; path = ASIDataCompressor.h; sourceTree = "<group>"; };
		1F138DFA18D348FC007EF456 /* ASIDataCompressor.m */ = {isa = PBXFileReference; fileEncoding = 4; lastKnownFileType = sourcecode.c.objc; path = ASIDataCompressor.m; sourceTree = "<group>"; };
		1F138DFB18D348FC007EF456 /* ASIDataDecompressor.h */ = {isa = PBXFileReference; fileEncoding = 4; lastKnownFileType = sourcecode.c.h; path = ASIDataDecompressor.h; sourceTree = "<group>"; };
		1F138DFC18D348FC007EF456 /* ASIDataDecompressor.m */ = {isa = PBXFileReference; fileEncoding = 4; lastKnownFileType = sourcecode.c.objc; path = ASIDataDecompressor.m; sourceTree = "<group>"; };
		1F138DFD18D348FC007EF456 /* ASIDownloadCache.h */ = {isa = PBXFileReference; fileEncoding = 4; lastKnownFileType = sourcecode.c.h; path = ASIDownloadCache.h; sourceTree = "<group>"; };
		1F138DFE18D348FC007EF456 /* ASIDownloadCache.m */ = {isa = PBXFileReference; fileEncoding = 4; lastKnownFileType = sourcecode.c.objc; path = ASIDownloadCache.m; sourceTree = "<group>"; };
		1F138DFF18D348FC007EF456 /* ASIFormDataRequest.h */ = {isa = PBXFileReference; fileEncoding = 4; lastKnownFileType = sourcecode.c.h; path = ASIFormDataRequest.h; sourceTree = "<group>"; };
		1F138E0018D348FC007EF456 /* ASIFormDataRequest.m */ = {isa = PBXFileReference; fileEncoding = 4; lastKnownFileType = sourcecode.c.objc; path = ASIFormDataRequest.m; sourceTree = "<group>"; };
		1F138E0118D348FC007EF456 /* ASIHTTPRequest.h */ = {isa = PBXFileReference; fileEncoding = 4; lastKnownFileType = sourcecode.c.h; path = ASIHTTPRequest.h; sourceTree = "<group>"; };
		1F138E0218D348FC007EF456 /* ASIHTTPRequest.m */ = {isa = PBXFileReference; fileEncoding = 4; lastKnownFileType = sourcecode.c.objc; path = ASIHTTPRequest.m; sourceTree = "<group>"; };
		1F138E0318D348FC007EF456 /* ASIHTTPRequestConfig.h */ = {isa = PBXFileReference; fileEncoding = 4; lastKnownFileType = sourcecode.c.h; path = ASIHTTPRequestConfig.h; sourceTree = "<group>"; };
		1F138E0418D348FC007EF456 /* ASIHTTPRequestDelegate.h */ = {isa = PBXFileReference; fileEncoding = 4; lastKnownFileType = sourcecode.c.h; path = ASIHTTPRequestDelegate.h; sourceTree = "<group>"; };
		1F138E0518D348FC007EF456 /* ASIInputStream.h */ = {isa = PBXFileReference; fileEncoding = 4; lastKnownFileType = sourcecode.c.h; path = ASIInputStream.h; sourceTree = "<group>"; };
		1F138E0618D348FC007EF456 /* ASIInputStream.m */ = {isa = PBXFileReference; fileEncoding = 4; lastKnownFileType = sourcecode.c.objc; path = ASIInputStream.m; sourceTree = "<group>"; };
		1F138E0718D348FC007EF456 /* ASINetworkQueue.h */ = {isa = PBXFileReference; fileEncoding = 4; lastKnownFileType = sourcecode.c.h; path = ASINetworkQueue.h; sourceTree = "<group>"; };
		1F138E0818D348FC007EF456 /* ASINetworkQueue.m */ = {isa = PBXFileReference; fileEncoding = 4; lastKnownFileType = sourcecode.c.objc; path = ASINetworkQueue.m; sourceTree = "<group>"; };
		1F138E0918D348FC007EF456 /* ASIProgressDelegate.h */ = {isa = PBXFileReference; fileEncoding = 4; lastKnownFileType = sourcecode.c.h; path = ASIProgressDelegate.h; sourceTree = "<group>"; };
		1F138E7218D3496E007EF456 /* Reachability.h */ = {isa = PBXFileReference; fileEncoding = 4; lastKnownFileType = sourcecode.c.h; path = Reachability.h; sourceTree = "<group>"; };
		1F138E7318D3496E007EF456 /* Reachability.m */ = {isa = PBXFileReference; fileEncoding = 4; lastKnownFileType = sourcecode.c.objc; path = Reachability.m; sourceTree = "<group>"; };
		1F138E7518D349FD007EF456 /* SystemConfiguration.framework */ = {isa = PBXFileReference; lastKnownFileType = wrapper.framework; name = SystemConfiguration.framework; path = System/Library/Frameworks/SystemConfiguration.framework; sourceTree = SDKROOT; };
		1F138E7718D34A02007EF456 /* MobileCoreServices.framework */ = {isa = PBXFileReference; lastKnownFileType = wrapper.framework; name = MobileCoreServices.framework; path = System/Library/Frameworks/MobileCoreServices.framework; sourceTree = SDKROOT; };
		1F138E7918D34A11007EF456 /* libz.dylib */ = {isa = PBXFileReference; lastKnownFileType = "compiled.mach-o.dylib"; name = libz.dylib; path = usr/lib/libz.dylib; sourceTree = SDKROOT; };
		1F138E8018D34D30007EF456 /* DataEngine.h */ = {isa = PBXFileReference; fileEncoding = 4; lastKnownFileType = sourcecode.c.h; path = DataEngine.h; sourceTree = "<group>"; };
		1F138E8118D34D30007EF456 /* DataEngine.m */ = {isa = PBXFileReference; fileEncoding = 4; lastKnownFileType = sourcecode.c.objc; path = DataEngine.m; sourceTree = "<group>"; };
		1F138E8318D34FEC007EF456 /* Constants.h */ = {isa = PBXFileReference; lastKnownFileType = sourcecode.c.h; path = Constants.h; sourceTree = "<group>"; };
		1F138E8418D34FFE007EF456 /* Constants+APIRequest.h */ = {isa = PBXFileReference; fileEncoding = 4; lastKnownFileType = sourcecode.c.h; path = "Constants+APIRequest.h"; sourceTree = "<group>"; };
		1F138E8618D354C4007EF456 /* JSONKit.h */ = {isa = PBXFileReference; fileEncoding = 4; lastKnownFileType = sourcecode.c.h; path = JSONKit.h; sourceTree = "<group>"; };
		1F138E8718D354C4007EF456 /* JSONKit.m */ = {isa = PBXFileReference; fileEncoding = 4; lastKnownFileType = sourcecode.c.objc; path = JSONKit.m; sourceTree = "<group>"; };
		1F509D8318D2E36900B1E411 /* HaiXiuGroup.app */ = {isa = PBXFileReference; explicitFileType = wrapper.application; includeInIndex = 0; path = HaiXiuGroup.app; sourceTree = BUILT_PRODUCTS_DIR; };
		1F509D8618D2E36900B1E411 /* Foundation.framework */ = {isa = PBXFileReference; lastKnownFileType = wrapper.framework; name = Foundation.framework; path = System/Library/Frameworks/Foundation.framework; sourceTree = SDKROOT; };
		1F509D8818D2E36900B1E411 /* CoreGraphics.framework */ = {isa = PBXFileReference; lastKnownFileType = wrapper.framework; name = CoreGraphics.framework; path = System/Library/Frameworks/CoreGraphics.framework; sourceTree = SDKROOT; };
		1F509D8A18D2E36900B1E411 /* UIKit.framework */ = {isa = PBXFileReference; lastKnownFileType = wrapper.framework; name = UIKit.framework; path = System/Library/Frameworks/UIKit.framework; sourceTree = SDKROOT; };
		1F509D8E18D2E36900B1E411 /* HaiXiuGroup-Info.plist */ = {isa = PBXFileReference; lastKnownFileType = text.plist.xml; path = "HaiXiuGroup-Info.plist"; sourceTree = "<group>"; };
		1F509D9018D2E36900B1E411 /* en */ = {isa = PBXFileReference; lastKnownFileType = text.plist.strings; name = en; path = en.lproj/InfoPlist.strings; sourceTree = "<group>"; };
		1F509D9218D2E36900B1E411 /* main.m */ = {isa = PBXFileReference; lastKnownFileType = sourcecode.c.objc; path = main.m; sourceTree = "<group>"; };
		1F509D9418D2E36900B1E411 /* HaiXiuGroup-Prefix.pch */ = {isa = PBXFileReference; lastKnownFileType = sourcecode.c.h; path = "HaiXiuGroup-Prefix.pch"; sourceTree = "<group>"; };
		1F509D9518D2E36900B1E411 /* AppDelegate.h */ = {isa = PBXFileReference; lastKnownFileType = sourcecode.c.h; path = AppDelegate.h; sourceTree = "<group>"; };
		1F509D9618D2E36900B1E411 /* AppDelegate.m */ = {isa = PBXFileReference; lastKnownFileType = sourcecode.c.objc; path = AppDelegate.m; sourceTree = "<group>"; };
		1F509DBC18D2E43000B1E411 /* MainViewController.h */ = {isa = PBXFileReference; fileEncoding = 4; lastKnownFileType = sourcecode.c.h; path = MainViewController.h; sourceTree = "<group>"; };
		1F509DBD18D2E43000B1E411 /* MainViewController.m */ = {isa = PBXFileReference; fileEncoding = 4; lastKnownFileType = sourcecode.c.objc; path = MainViewController.m; sourceTree = "<group>"; };
		1F509DC218D2E47000B1E411 /* MainViewController.xib */ = {isa = PBXFileReference; fileEncoding = 4; lastKnownFileType = file.xib; path = MainViewController.xib; sourceTree = "<group>"; };
		1F509DC418D2E6CD00B1E411 /* Default-568h@2x.png */ = {isa = PBXFileReference; lastKnownFileType = image.png; path = "Default-568h@2x.png"; sourceTree = "<group>"; };
		1F509DC518D2E6CD00B1E411 /* Default.png */ = {isa = PBXFileReference; lastKnownFileType = image.png; path = Default.png; sourceTree = "<group>"; };
		1F509DC618D2E6CD00B1E411 /* Default@2x.png */ = {isa = PBXFileReference; lastKnownFileType = image.png; path = "Default@2x.png"; sourceTree = "<group>"; };
		1F9EEDB718D5B0C700F94ED3 /* Topic.h */ = {isa = PBXFileReference; fileEncoding = 4; lastKnownFileType = sourcecode.c.h; path = Topic.h; sourceTree = "<group>"; };
		1F9EEDB818D5B0C700F94ED3 /* Topic.m */ = {isa = PBXFileReference; fileEncoding = 4; lastKnownFileType = sourcecode.c.objc; path = Topic.m; sourceTree = "<group>"; };
		1F9EEDB918D5B0C700F94ED3 /* User.h */ = {isa = PBXFileReference; fileEncoding = 4; lastKnownFileType = sourcecode.c.h; path = User.h; sourceTree = "<group>"; };
		1F9EEDBA18D5B0C700F94ED3 /* User.m */ = {isa = PBXFileReference; fileEncoding = 4; lastKnownFileType = sourcecode.c.objc; path = User.m; sourceTree = "<group>"; };
		1F9EEDBD18D5B3B600F94ED3 /* DataParse.h */ = {isa = PBXFileReference; fileEncoding = 4; lastKnownFileType = sourcecode.c.h; path = DataParse.h; sourceTree = "<group>"; };
		1F9EEDBE18D5B3B600F94ED3 /* DataParse.m */ = {isa = PBXFileReference; fileEncoding = 4; lastKnownFileType = sourcecode.c.objc; path = DataParse.m; sourceTree = "<group>"; };
		1F9EEDC018D5BA4F00F94ED3 /* Constants+ErrorCodeDef.h */ = {isa = PBXFileReference; lastKnownFileType = sourcecode.c.h; path = "Constants+ErrorCodeDef.h"; sourceTree = "<group>"; };
		1F9EEDC218D5C53A00F94ED3 /* ErrorCodeUtils.h */ = {isa = PBXFileReference; fileEncoding = 4; lastKnownFileType = sourcecode.c.h; path = ErrorCodeUtils.h; sourceTree = "<group>"; };
		1F9EEDC318D5C53A00F94ED3 /* ErrorCodeUtils.m */ = {isa = PBXFileReference; fileEncoding = 4; lastKnownFileType = sourcecode.c.objc; path = ErrorCodeUtils.m; sourceTree = "<group>"; };
/* End PBXFileReference section */

/* Begin PBXFrameworksBuildPhase section */
		1F509D8018D2E36900B1E411 /* Frameworks */ = {
			isa = PBXFrameworksBuildPhase;
			buildActionMask = 2147483647;
			files = (
				1F138E7A18D34A11007EF456 /* libz.dylib in Frameworks */,
				1F509D8918D2E36900B1E411 /* CoreGraphics.framework in Frameworks */,
				1F138E7818D34A02007EF456 /* MobileCoreServices.framework in Frameworks */,
				1F138E7618D349FD007EF456 /* SystemConfiguration.framework in Frameworks */,
				1F509D8B18D2E36900B1E411 /* UIKit.framework in Frameworks */,
				1F509D8718D2E36900B1E411 /* Foundation.framework in Frameworks */,
			);
			runOnlyForDeploymentPostprocessing = 0;
		};
/* End PBXFrameworksBuildPhase section */

/* Begin PBXGroup section */
		1F138DF418D348FC007EF456 /* Libraries */ = {
			isa = PBXGroup;
			children = (
				1F138DF518D348FC007EF456 /* ASIHttpRequest */,
				1F138E8518D354C4007EF456 /* JSONKit */,
				1F138E7118D3496E007EF456 /* Reachability */,
			);
			path = Libraries;
			sourceTree = "<group>";
		};
		1F138DF518D348FC007EF456 /* ASIHttpRequest */ = {
			isa = PBXGroup;
			children = (
				1F138DF618D348FC007EF456 /* ASIAuthenticationDialog.h */,
				1F138DF718D348FC007EF456 /* ASIAuthenticationDialog.m */,
				1F138DF818D348FC007EF456 /* ASICacheDelegate.h */,
				1F138DF918D348FC007EF456 /* ASIDataCompressor.h */,
				1F138DFA18D348FC007EF456 /* ASIDataCompressor.m */,
				1F138DFB18D348FC007EF456 /* ASIDataDecompressor.h */,
				1F138DFC18D348FC007EF456 /* ASIDataDecompressor.m */,
				1F138DFD18D348FC007EF456 /* ASIDownloadCache.h */,
				1F138DFE18D348FC007EF456 /* ASIDownloadCache.m */,
				1F138DFF18D348FC007EF456 /* ASIFormDataRequest.h */,
				1F138E0018D348FC007EF456 /* ASIFormDataRequest.m */,
				1F138E0118D348FC007EF456 /* ASIHTTPRequest.h */,
				1F138E0218D348FC007EF456 /* ASIHTTPRequest.m */,
				1F138E0318D348FC007EF456 /* ASIHTTPRequestConfig.h */,
				1F138E0418D348FC007EF456 /* ASIHTTPRequestDelegate.h */,
				1F138E0518D348FC007EF456 /* ASIInputStream.h */,
				1F138E0618D348FC007EF456 /* ASIInputStream.m */,
				1F138E0718D348FC007EF456 /* ASINetworkQueue.h */,
				1F138E0818D348FC007EF456 /* ASINetworkQueue.m */,
				1F138E0918D348FC007EF456 /* ASIProgressDelegate.h */,
			);
			path = ASIHttpRequest;
			sourceTree = "<group>";
		};
		1F138E7118D3496E007EF456 /* Reachability */ = {
			isa = PBXGroup;
			children = (
				1F138E7218D3496E007EF456 /* Reachability.h */,
				1F138E7318D3496E007EF456 /* Reachability.m */,
			);
			path = Reachability;
			sourceTree = "<group>";
		};
		1F138E7F18D34D30007EF456 /* DataClasses */ = {
			isa = PBXGroup;
			children = (
				1F138E8018D34D30007EF456 /* DataEngine.h */,
				1F138E8118D34D30007EF456 /* DataEngine.m */,
				1F9EEDB618D5B0C700F94ED3 /* DataModel */,
				1F9EEDBD18D5B3B600F94ED3 /* DataParse.h */,
				1F9EEDBE18D5B3B600F94ED3 /* DataParse.m */,
			);
			path = DataClasses;
			sourceTree = "<group>";
		};
		1F138E8518D354C4007EF456 /* JSONKit */ = {
			isa = PBXGroup;
			children = (
				1F138E8618D354C4007EF456 /* JSONKit.h */,
				1F138E8718D354C4007EF456 /* JSONKit.m */,
			);
			path = JSONKit;
			sourceTree = "<group>";
		};
		1F509D7A18D2E36900B1E411 = {
			isa = PBXGroup;
			children = (
				1F509D8C18D2E36900B1E411 /* HaiXiuGroup */,
				1F509D8518D2E36900B1E411 /* Frameworks */,
				1F509D8418D2E36900B1E411 /* Products */,
			);
			sourceTree = "<group>";
		};
		1F509D8418D2E36900B1E411 /* Products */ = {
			isa = PBXGroup;
			children = (
				1F509D8318D2E36900B1E411 /* HaiXiuGroup.app */,
			);
			name = Products;
			sourceTree = "<group>";
		};
		1F509D8518D2E36900B1E411 /* Frameworks */ = {
			isa = PBXGroup;
			children = (
				1F509D8818D2E36900B1E411 /* CoreGraphics.framework */,
				1F509D8618D2E36900B1E411 /* Foundation.framework */,
				1F138E7918D34A11007EF456 /* libz.dylib */,
				1F138E7718D34A02007EF456 /* MobileCoreServices.framework */,
				1F138E7518D349FD007EF456 /* SystemConfiguration.framework */,
				1F509D8A18D2E36900B1E411 /* UIKit.framework */,
			);
			name = Frameworks;
			sourceTree = "<group>";
		};
		1F509D8C18D2E36900B1E411 /* HaiXiuGroup */ = {
			isa = PBXGroup;
			children = (
				1F509D9518D2E36900B1E411 /* AppDelegate.h */,
				1F509D9618D2E36900B1E411 /* AppDelegate.m */,
				1F138E8418D34FFE007EF456 /* Constants+APIRequest.h */,
				1F9EEDC018D5BA4F00F94ED3 /* Constants+ErrorCodeDef.h */,
				1F138E8318D34FEC007EF456 /* Constants.h */,
				1F138E7F18D34D30007EF456 /* DataClasses */,
				1F138DF418D348FC007EF456 /* Libraries */,
				1F509DBF18D2E45500B1E411 /* Resources */,
				1F509D8D18D2E36900B1E411 /* Supporting Files */,
				1F509DBB18D2E41F00B1E411 /* UIClasses */,
				1F9EEDC118D5C53000F94ED3 /* Utils */,
			);
			path = HaiXiuGroup;
			sourceTree = "<group>";
		};
		1F509D8D18D2E36900B1E411 /* Supporting Files */ = {
			isa = PBXGroup;
			children = (
				1F509D8E18D2E36900B1E411 /* HaiXiuGroup-Info.plist */,
				1F509D8F18D2E36900B1E411 /* InfoPlist.strings */,
				1F509D9218D2E36900B1E411 /* main.m */,
				1F509D9418D2E36900B1E411 /* HaiXiuGroup-Prefix.pch */,
			);
			name = "Supporting Files";
			sourceTree = "<group>";
		};
		1F509DBB18D2E41F00B1E411 /* UIClasses */ = {
			isa = PBXGroup;
			children = (
				1F509DBC18D2E43000B1E411 /* MainViewController.h */,
				1F509DBD18D2E43000B1E411 /* MainViewController.m */,
			);
			path = UIClasses;
			sourceTree = "<group>";
		};
		1F509DBF18D2E45500B1E411 /* Resources */ = {
			isa = PBXGroup;
			children = (
				1F509DC018D2E45500B1E411 /* images */,
				1F509DC118D2E45500B1E411 /* xibs */,
			);
			path = Resources;
			sourceTree = "<group>";
		};
		1F509DC018D2E45500B1E411 /* images */ = {
			isa = PBXGroup;
			children = (
				1F509DC418D2E6CD00B1E411 /* Default-568h@2x.png */,
				1F509DC518D2E6CD00B1E411 /* Default.png */,
				1F509DC618D2E6CD00B1E411 /* Default@2x.png */,
			);
			path = images;
			sourceTree = "<group>";
		};
		1F509DC118D2E45500B1E411 /* xibs */ = {
			isa = PBXGroup;
			children = (
				1F509DC218D2E47000B1E411 /* MainViewController.xib */,
			);
			path = xibs;
			sourceTree = "<group>";
		};
		1F9EEDB618D5B0C700F94ED3 /* DataModel */ = {
			isa = PBXGroup;
			children = (
				1F9EEDB718D5B0C700F94ED3 /* Topic.h */,
				1F9EEDB818D5B0C700F94ED3 /* Topic.m */,
				1F9EEDB918D5B0C700F94ED3 /* User.h */,
				1F9EEDBA18D5B0C700F94ED3 /* User.m */,
			);
			path = DataModel;
			sourceTree = "<group>";
		};
		1F9EEDC118D5C53000F94ED3 /* Utils */ = {
			isa = PBXGroup;
			children = (
				1F9EEDC218D5C53A00F94ED3 /* ErrorCodeUtils.h */,
				1F9EEDC318D5C53A00F94ED3 /* ErrorCodeUtils.m */,
			);
			path = Utils;
			sourceTree = "<group>";
		};
/* End PBXGroup section */

/* Begin PBXNativeTarget section */
		1F509D8218D2E36900B1E411 /* HaiXiuGroup */ = {
			isa = PBXNativeTarget;
			buildConfigurationList = 1F509DB518D2E36900B1E411 /* Build configuration list for PBXNativeTarget "HaiXiuGroup" */;
			buildPhases = (
				1F509D7F18D2E36900B1E411 /* Sources */,
				1F509D8018D2E36900B1E411 /* Frameworks */,
				1F509D8118D2E36900B1E411 /* Resources */,
			);
			buildRules = (
			);
			dependencies = (
			);
			name = HaiXiuGroup;
			productName = HaiXiuGroup;
			productReference = 1F509D8318D2E36900B1E411 /* HaiXiuGroup.app */;
			productType = "com.apple.product-type.application";
		};
/* End PBXNativeTarget section */

/* Begin PBXProject section */
		1F509D7B18D2E36900B1E411 /* Project object */ = {
			isa = PBXProject;
			attributes = {
				LastUpgradeCheck = 0510;
				ORGANIZATIONNAME = zhang;
			};
			buildConfigurationList = 1F509D7E18D2E36900B1E411 /* Build configuration list for PBXProject "HaiXiuGroup" */;
			compatibilityVersion = "Xcode 3.2";
			developmentRegion = English;
			hasScannedForEncodings = 0;
			knownRegions = (
				en,
				Base,
			);
			mainGroup = 1F509D7A18D2E36900B1E411;
			productRefGroup = 1F509D8418D2E36900B1E411 /* Products */;
			projectDirPath = "";
			projectRoot = "";
			targets = (
				1F509D8218D2E36900B1E411 /* HaiXiuGroup */,
			);
		};
/* End PBXProject section */

/* Begin PBXResourcesBuildPhase section */
		1F509D8118D2E36900B1E411 /* Resources */ = {
			isa = PBXResourcesBuildPhase;
			buildActionMask = 2147483647;
			files = (
				1F509D9118D2E36900B1E411 /* InfoPlist.strings in Resources */,
				1F509DC318D2E47000B1E411 /* MainViewController.xib in Resources */,
				1F509DC918D2E6CD00B1E411 /* Default@2x.png in Resources */,
				1F509DC718D2E6CD00B1E411 /* Default-568h@2x.png in Resources */,
				1F509DC818D2E6CD00B1E411 /* Default.png in Resources */,
			);
			runOnlyForDeploymentPostprocessing = 0;
		};
/* End PBXResourcesBuildPhase section */

/* Begin PBXSourcesBuildPhase section */
		1F509D7F18D2E36900B1E411 /* Sources */ = {
			isa = PBXSourcesBuildPhase;
			buildActionMask = 2147483647;
			files = (
				1F9EEDBC18D5B0C700F94ED3 /* User.m in Sources */,
				1F9EEDC418D5C53A00F94ED3 /* ErrorCodeUtils.m in Sources */,
				1F138E4C18D348FC007EF456 /* ASIDataCompressor.m in Sources */,
				1F509D9718D2E36900B1E411 /* AppDelegate.m in Sources */,
				1F138E5018D348FC007EF456 /* ASIHTTPRequest.m in Sources */,
				1F9EEDBB18D5B0C700F94ED3 /* Topic.m in Sources */,
				1F9EEDBF18D5B3B600F94ED3 /* DataParse.m in Sources */,
				1F138E4B18D348FC007EF456 /* ASIAuthenticationDialog.m in Sources */,
				1F138E4F18D348FC007EF456 /* ASIFormDataRequest.m in Sources */,
				1F138E8218D34D30007EF456 /* DataEngine.m in Sources */,
				1F509DBE18D2E43000B1E411 /* MainViewController.m in Sources */,
				1F138E5118D348FC007EF456 /* ASIInputStream.m in Sources */,
				1F509D9318D2E36900B1E411 /* main.m in Sources */,
				1F138E5218D348FC007EF456 /* ASINetworkQueue.m in Sources */,
				1F138E4D18D348FC007EF456 /* ASIDataDecompressor.m in Sources */,
				1F138E7418D3496E007EF456 /* Reachability.m in Sources */,
				1F138E8818D354C4007EF456 /* JSONKit.m in Sources */,
				1F138E4E18D348FC007EF456 /* ASIDownloadCache.m in Sources */,
			);
			runOnlyForDeploymentPostprocessing = 0;
		};
/* End PBXSourcesBuildPhase section */

/* Begin PBXVariantGroup section */
		1F509D8F18D2E36900B1E411 /* InfoPlist.strings */ = {
			isa = PBXVariantGroup;
			children = (
				1F509D9018D2E36900B1E411 /* en */,
			);
			name = InfoPlist.strings;
			sourceTree = "<group>";
		};
/* End PBXVariantGroup section */

/* Begin XCBuildConfiguration section */
		1F509DB318D2E36900B1E411 /* Debug */ = {
			isa = XCBuildConfiguration;
			buildSettings = {
				ALWAYS_SEARCH_USER_PATHS = NO;
				CLANG_CXX_LANGUAGE_STANDARD = "gnu++0x";
				CLANG_CXX_LIBRARY = "libc++";
				CLANG_ENABLE_MODULES = YES;
				CLANG_ENABLE_OBJC_ARC = YES;
				CLANG_WARN_BOOL_CONVERSION = YES;
				CLANG_WARN_CONSTANT_CONVERSION = YES;
				CLANG_WARN_DIRECT_OBJC_ISA_USAGE = YES_ERROR;
				CLANG_WARN_EMPTY_BODY = YES;
				CLANG_WARN_ENUM_CONVERSION = YES;
				CLANG_WARN_INT_CONVERSION = YES;
				CLANG_WARN_OBJC_ROOT_CLASS = YES_ERROR;
				CLANG_WARN__DUPLICATE_METHOD_MATCH = YES;
				"CODE_SIGN_IDENTITY[sdk=iphoneos*]" = "iPhone Developer";
				COPY_PHASE_STRIP = NO;
				GCC_C_LANGUAGE_STANDARD = gnu99;
				GCC_DYNAMIC_NO_PIC = NO;
				GCC_OPTIMIZATION_LEVEL = 0;
				GCC_PREPROCESSOR_DEFINITIONS = (
					"DEBUG=1",
					"$(inherited)",
				);
				GCC_SYMBOLS_PRIVATE_EXTERN = NO;
				GCC_WARN_64_TO_32_BIT_CONVERSION = YES;
				GCC_WARN_ABOUT_RETURN_TYPE = YES_ERROR;
				GCC_WARN_UNDECLARED_SELECTOR = YES;
				GCC_WARN_UNINITIALIZED_AUTOS = YES_AGGRESSIVE;
				GCC_WARN_UNUSED_FUNCTION = YES;
				GCC_WARN_UNUSED_VARIABLE = YES;
				IPHONEOS_DEPLOYMENT_TARGET = 5.1;
				ONLY_ACTIVE_ARCH = YES;
				SDKROOT = iphoneos;
			};
			name = Debug;
		};
		1F509DB418D2E36900B1E411 /* Release */ = {
			isa = XCBuildConfiguration;
			buildSettings = {
				ALWAYS_SEARCH_USER_PATHS = NO;
				CLANG_CXX_LANGUAGE_STANDARD = "gnu++0x";
				CLANG_CXX_LIBRARY = "libc++";
				CLANG_ENABLE_MODULES = YES;
				CLANG_ENABLE_OBJC_ARC = YES;
				CLANG_WARN_BOOL_CONVERSION = YES;
				CLANG_WARN_CONSTANT_CONVERSION = YES;
				CLANG_WARN_DIRECT_OBJC_ISA_USAGE = YES_ERROR;
				CLANG_WARN_EMPTY_BODY = YES;
				CLANG_WARN_ENUM_CONVERSION = YES;
				CLANG_WARN_INT_CONVERSION = YES;
				CLANG_WARN_OBJC_ROOT_CLASS = YES_ERROR;
				CLANG_WARN__DUPLICATE_METHOD_MATCH = YES;
				"CODE_SIGN_IDENTITY[sdk=iphoneos*]" = "iPhone Developer";
				COPY_PHASE_STRIP = YES;
				ENABLE_NS_ASSERTIONS = NO;
				GCC_C_LANGUAGE_STANDARD = gnu99;
				GCC_WARN_64_TO_32_BIT_CONVERSION = YES;
				GCC_WARN_ABOUT_RETURN_TYPE = YES_ERROR;
				GCC_WARN_UNDECLARED_SELECTOR = YES;
				GCC_WARN_UNINITIALIZED_AUTOS = YES_AGGRESSIVE;
				GCC_WARN_UNUSED_FUNCTION = YES;
				GCC_WARN_UNUSED_VARIABLE = YES;
				IPHONEOS_DEPLOYMENT_TARGET = 5.1;
				SDKROOT = iphoneos;
				VALIDATE_PRODUCT = YES;
			};
			name = Release;
		};
		1F509DB618D2E36900B1E411 /* Debug */ = {
			isa = XCBuildConfiguration;
			buildSettings = {
				ASSETCATALOG_COMPILER_APPICON_NAME = AppIcon;
				ASSETCATALOG_COMPILER_LAUNCHIMAGE_NAME = LaunchImage;
				GCC_PRECOMPILE_PREFIX_HEADER = YES;
				GCC_PREFIX_HEADER = "HaiXiuGroup/HaiXiuGroup-Prefix.pch";
				INFOPLIST_FILE = "HaiXiuGroup/HaiXiuGroup-Info.plist";
				IPHONEOS_DEPLOYMENT_TARGET = 6.0;
				PRODUCT_NAME = "$(TARGET_NAME)";
				WRAPPER_EXTENSION = app;
			};
			name = Debug;
		};
		1F509DB718D2E36900B1E411 /* Release */ = {
			isa = XCBuildConfiguration;
			buildSettings = {
				ASSETCATALOG_COMPILER_APPICON_NAME = AppIcon;
				ASSETCATALOG_COMPILER_LAUNCHIMAGE_NAME = LaunchImage;
				GCC_PRECOMPILE_PREFIX_HEADER = YES;
				GCC_PREFIX_HEADER = "HaiXiuGroup/HaiXiuGroup-Prefix.pch";
				INFOPLIST_FILE = "HaiXiuGroup/HaiXiuGroup-Info.plist";
				IPHONEOS_DEPLOYMENT_TARGET = 6.0;
				PRODUCT_NAME = "$(TARGET_NAME)";
				WRAPPER_EXTENSION = app;
			};
			name = Release;
		};
/* End XCBuildConfiguration section */

/* Begin XCConfigurationList section */
		1F509D7E18D2E36900B1E411 /* Build configuration list for PBXProject "HaiXiuGroup" */ = {
			isa = XCConfigurationList;
			buildConfigurations = (
				1F509DB318D2E36900B1E411 /* Debug */,
				1F509DB418D2E36900B1E411 /* Release */,
			);
			defaultConfigurationIsVisible = 0;
			defaultConfigurationName = Release;
		};
		1F509DB518D2E36900B1E411 /* Build configuration list for PBXNativeTarget "HaiXiuGroup" */ = {
			isa = XCConfigurationList;
			buildConfigurations = (
				1F509DB618D2E36900B1E411 /* Debug */,
				1F509DB718D2E36900B1E411 /* Release */,
			);
			defaultConfigurationIsVisible = 0;
			defaultConfigurationName = Release;
		};
/* End XCConfigurationList section */
	};
	rootObject = 1F509D7B18D2E36900B1E411 /* Project object */;
}
