// !$*UTF8*$!
{
	archiveVersion = 1;
	classes = {
	};
	objectVersion = 46;
	objects = {

/* Begin PBXBuildFile section */
		1F138E4B18D348FC007EF456 /* ASIAuthenticationDialog.m in Sources */ = {isa = PBXBuildFile; fileRef = 1F138DF718D348FC007EF456 /* ASIAuthenticationDialog.m */; settings = {COMPILER_FLAGS = "-fno-objc-arc"; }; };
		1F138E4C18D348FC007EF456 /* ASIDataCompressor.m in Sources */ = {isa = PBXBuildFile; fileRef = 1F138DFA18D348FC007EF456 /* ASIDataCompressor.m */; settings = {COMPILER_FLAGS = "-fno-objc-arc"; }; };
		1F138E4D18D348FC007EF456 /* ASIDataDecompressor.m in Sources */ = {isa = PBXBuildFile; fileRef = 1F138DFC18D348FC007EF456 /* ASIDataDecompressor.m */; settings = {COMPILER_FLAGS = "-fno-objc-arc"; }; };
		1F138E4E18D348FC007EF456 /* ASIDownloadCache.m in Sources */ = {isa = PBXBuildFile; fileRef = 1F138DFE18D348FC007EF456 /* ASIDownloadCache.m */; settings = {COMPILER_FLAGS = "-fno-objc-arc"; }; };
		1F138E4F18D348FC007EF456 /* ASIFormDataRequest.m in Sources */ = {isa = PBXBuildFile; fileRef = 1F138E0018D348FC007EF456 /* ASIFormDataRequest.m */; settings = {COMPILER_FLAGS = "-fno-objc-arc"; }; };
		1F138E5018D348FC007EF456 /* ASIHTTPRequest.m in Sources */ = {isa = PBXBuildFile; fileRef = 1F138E0218D348FC007EF456 /* ASIHTTPRequest.m */; settings = {COMPILER_FLAGS = "-fno-objc-arc"; }; };
		1F138E5118D348FC007EF456 /* ASIInputStream.m in Sources */ = {isa = PBXBuildFile; fileRef = 1F138E0618D348FC007EF456 /* ASIInputStream.m */; settings = {COMPILER_FLAGS = "-fno-objc-arc"; }; };
		1F138E5218D348FC007EF456 /* ASINetworkQueue.m in Sources */ = {isa = PBXBuildFile; fileRef = 1F138E0818D348FC007EF456 /* ASINetworkQueue.m */; settings = {COMPILER_FLAGS = "-fno-objc-arc"; }; };
		1F138E7418D3496E007EF456 /* Reachability.m in Sources */ = {isa = PBXBuildFile; fileRef = 1F138E7318D3496E007EF456 /* Reachability.m */; settings = {COMPILER_FLAGS = "-fno-objc-arc"; }; };
		1F138E7618D349FD007EF456 /* SystemConfiguration.framework in Frameworks */ = {isa = PBXBuildFile; fileRef = 1F138E7518D349FD007EF456 /* SystemConfiguration.framework */; };
		1F138E7818D34A02007EF456 /* MobileCoreServices.framework in Frameworks */ = {isa = PBXBuildFile; fileRef = 1F138E7718D34A02007EF456 /* MobileCoreServices.framework */; };
		1F138E7A18D34A11007EF456 /* libz.dylib in Frameworks */ = {isa = PBXBuildFile; fileRef = 1F138E7918D34A11007EF456 /* libz.dylib */; };
		1F138E8218D34D30007EF456 /* DataEngine.m in Sources */ = {isa = PBXBuildFile; fileRef = 1F138E8118D34D30007EF456 /* DataEngine.m */; };
		1F138E8818D354C4007EF456 /* JSONKit.m in Sources */ = {isa = PBXBuildFile; fileRef = 1F138E8718D354C4007EF456 /* JSONKit.m */; settings = {COMPILER_FLAGS = "-fno-objc-arc"; }; };
		1F509D8718D2E36900B1E411 /* Foundation.framework in Frameworks */ = {isa = PBXBuildFile; fileRef = 1F509D8618D2E36900B1E411 /* Foundation.framework */; };
		1F509D8918D2E36900B1E411 /* CoreGraphics.framework in Frameworks */ = {isa = PBXBuildFile; fileRef = 1F509D8818D2E36900B1E411 /* CoreGraphics.framework */; };
		1F509D8B18D2E36900B1E411 /* UIKit.framework in Frameworks */ = {isa = PBXBuildFile; fileRef = 1F509D8A18D2E36900B1E411 /* UIKit.framework */; };
		1F509D9118D2E36900B1E411 /* InfoPlist.strings in Resources */ = {isa = PBXBuildFile; fileRef = 1F509D8F18D2E36900B1E411 /* InfoPlist.strings */; };
		1F509D9318D2E36900B1E411 /* main.m in Sources */ = {isa = PBXBuildFile; fileRef = 1F509D9218D2E36900B1E411 /* main.m */; };
		1F509D9718D2E36900B1E411 /* AppDelegate.m in Sources */ = {isa = PBXBuildFile; fileRef = 1F509D9618D2E36900B1E411 /* AppDelegate.m */; };
		1F509DC718D2E6CD00B1E411 /* Default-568h@2x.png in Resources */ = {isa = PBXBuildFile; fileRef = 1F509DC418D2E6CD00B1E411 /* Default-568h@2x.png */; };
		1F509DC818D2E6CD00B1E411 /* Default.png in Resources */ = {isa = PBXBuildFile; fileRef = 1F509DC518D2E6CD00B1E411 /* Default.png */; };
		1F509DC918D2E6CD00B1E411 /* Default@2x.png in Resources */ = {isa = PBXBuildFile; fileRef = 1F509DC618D2E6CD00B1E411 /* Default@2x.png */; };
		1F9EEDBB18D5B0C700F94ED3 /* Topic.m in Sources */ = {isa = PBXBuildFile; fileRef = 1F9EEDB818D5B0C700F94ED3 /* Topic.m */; };
		1F9EEDBC18D5B0C700F94ED3 /* User.m in Sources */ = {isa = PBXBuildFile; fileRef = 1F9EEDBA18D5B0C700F94ED3 /* User.m */; };
		1F9EEDBF18D5B3B600F94ED3 /* DataParse.m in Sources */ = {isa = PBXBuildFile; fileRef = 1F9EEDBE18D5B3B600F94ED3 /* DataParse.m */; };
		1F9EEDC418D5C53A00F94ED3 /* ErrorCodeUtils.m in Sources */ = {isa = PBXBuildFile; fileRef = 1F9EEDC318D5C53A00F94ED3 /* ErrorCodeUtils.m */; };
		1F9EEDCD18D5CA6100F94ED3 /* EGORefreshTableHeaderView.m in Sources */ = {isa = PBXBuildFile; fileRef = 1F9EEDC818D5CA6100F94ED3 /* EGORefreshTableHeaderView.m */; };
		1F9EEDCF18D5CA6100F94ED3 /* LoadMoreTableFooterView.m in Sources */ = {isa = PBXBuildFile; fileRef = 1F9EEDCC18D5CA6100F94ED3 /* LoadMoreTableFooterView.m */; };
		1F9EEDD318D5CAFC00F94ED3 /* TopicListViewController.m in Sources */ = {isa = PBXBuildFile; fileRef = 1F9EEDD118D5CAFC00F94ED3 /* TopicListViewController.m */; };
		1F9EEDD618D5CB1600F94ED3 /* TopicListViewController.xib in Resources */ = {isa = PBXBuildFile; fileRef = 1F9EEDD518D5CB1600F94ED3 /* TopicListViewController.xib */; };
		1F9EEDE718D5D03C00F94ED3 /* LeftMenuViewController.m in Sources */ = {isa = PBXBuildFile; fileRef = 1F9EEDE518D5D03C00F94ED3 /* LeftMenuViewController.m */; };
		1F9EEDEA18D5D04B00F94ED3 /* LeftMenuViewController.xib in Resources */ = {isa = PBXBuildFile; fileRef = 1F9EEDE918D5D04B00F94ED3 /* LeftMenuViewController.xib */; };
		1F9EEDEE18D5D2B100F94ED3 /* TopicDetailViewController.m in Sources */ = {isa = PBXBuildFile; fileRef = 1F9EEDEC18D5D2B100F94ED3 /* TopicDetailViewController.m */; };
		1F9EEDF118D5D2BC00F94ED3 /* TopicDetailViewController.xib in Resources */ = {isa = PBXBuildFile; fileRef = 1F9EEDF018D5D2BC00F94ED3 /* TopicDetailViewController.xib */; };
		1F9EEDF418D5D3C100F94ED3 /* UIImage+Color.m in Sources */ = {isa = PBXBuildFile; fileRef = 1F9EEDF318D5D3C100F94ED3 /* UIImage+Color.m */; };
		1FDFDF0318D5E35F00354196 /* UIViewController+iOS7Fix.m in Sources */ = {isa = PBXBuildFile; fileRef = 1FDFDF0218D5E35F00354196 /* UIViewController+iOS7Fix.m */; };
		1FDFDF2218D5E5F200354196 /* SVWebViewController.strings in Resources */ = {isa = PBXBuildFile; fileRef = 1FDFDF0518D5E5F200354196 /* SVWebViewController.strings */; };
		1FDFDF2318D5E5F200354196 /* SVModalWebViewController.m in Sources */ = {isa = PBXBuildFile; fileRef = 1FDFDF0D18D5E5F200354196 /* SVModalWebViewController.m */; };
		1FDFDF2418D5E5F200354196 /* SVWebViewController.bundle in Resources */ = {isa = PBXBuildFile; fileRef = 1FDFDF0E18D5E5F200354196 /* SVWebViewController.bundle */; };
		1FDFDF2518D5E5F200354196 /* SVWebViewController.m in Sources */ = {isa = PBXBuildFile; fileRef = 1FDFDF1018D5E5F200354196 /* SVWebViewController.m */; };
		1FDFDF2618D5E5F200354196 /* SVWebViewControllerActivityChrome-iPad.png in Resources */ = {isa = PBXBuildFile; fileRef = 1FDFDF1318D5E5F200354196 /* SVWebViewControllerActivityChrome-iPad.png */; };
		1FDFDF2718D5E5F200354196 /* SVWebViewControllerActivityChrome-iPad@2x.png in Resources */ = {isa = PBXBuildFile; fileRef = 1FDFDF1418D5E5F200354196 /* SVWebViewControllerActivityChrome-iPad@2x.png */; };
		1FDFDF2818D5E5F200354196 /* SVWebViewControllerActivityChrome.m in Sources */ = {isa = PBXBuildFile; fileRef = 1FDFDF1618D5E5F200354196 /* SVWebViewControllerActivityChrome.m */; };
		1FDFDF2918D5E5F200354196 /* SVWebViewControllerActivityChrome@2x.png in Resources */ = {isa = PBXBuildFile; fileRef = 1FDFDF1718D5E5F200354196 /* SVWebViewControllerActivityChrome@2x.png */; };
		1FDFDF2A18D5E5F200354196 /* SVWebViewControllerActivitySafari-iPad.png in Resources */ = {isa = PBXBuildFile; fileRef = 1FDFDF1918D5E5F200354196 /* SVWebViewControllerActivitySafari-iPad.png */; };
		1FDFDF2B18D5E5F200354196 /* SVWebViewControllerActivitySafari-iPad@2x.png in Resources */ = {isa = PBXBuildFile; fileRef = 1FDFDF1A18D5E5F200354196 /* SVWebViewControllerActivitySafari-iPad@2x.png */; };
		1FDFDF2C18D5E5F200354196 /* SVWebViewControllerActivitySafari.m in Sources */ = {isa = PBXBuildFile; fileRef = 1FDFDF1C18D5E5F200354196 /* SVWebViewControllerActivitySafari.m */; };
		1FDFDF2D18D5E5F200354196 /* SVWebViewControllerActivitySafari@2x.png in Resources */ = {isa = PBXBuildFile; fileRef = 1FDFDF1D18D5E5F200354196 /* SVWebViewControllerActivitySafari@2x.png */; };
		1FDFDF2E18D5E5F200354196 /* SVWebViewControllerActivity.m in Sources */ = {isa = PBXBuildFile; fileRef = 1FDFDF1F18D5E5F200354196 /* SVWebViewControllerActivity.m */; };
		1FDFDF3318D5E76E00354196 /* TopicListCell.m in Sources */ = {isa = PBXBuildFile; fileRef = 1FDFDF3218D5E76E00354196 /* TopicListCell.m */; };
		1FDFDF3518D5E78800354196 /* TopicListCell.xib in Resources */ = {isa = PBXBuildFile; fileRef = 1FDFDF3418D5E78800354196 /* TopicListCell.xib */; };
		1FDFDF3B18D5F1A900354196 /* NSStringExtra.m in Sources */ = {isa = PBXBuildFile; fileRef = 1FDFDF3A18D5F1A900354196 /* NSStringExtra.m */; };
		1FDFDF4318D5F5ED00354196 /* md5.cpp in Sources */ = {isa = PBXBuildFile; fileRef = 1FDFDF3D18D5F5ED00354196 /* md5.cpp */; };
		1FDFDF4418D5F5ED00354196 /* NSData+MD5.m in Sources */ = {isa = PBXBuildFile; fileRef = 1FDFDF4018D5F5ED00354196 /* NSData+MD5.m */; };
		1FDFDF4518D5F5ED00354196 /* NSString+MD5.mm in Sources */ = {isa = PBXBuildFile; fileRef = 1FDFDF4218D5F5ED00354196 /* NSString+MD5.mm */; };
		1FDFDF4818D5F62800354196 /* SkipBackupUtils.m in Sources */ = {isa = PBXBuildFile; fileRef = 1FDFDF4718D5F62800354196 /* SkipBackupUtils.m */; };
		1FDFDF4B18D5F63F00354196 /* ImageCacheEngine.m in Sources */ = {isa = PBXBuildFile; fileRef = 1FDFDF4A18D5F63F00354196 /* ImageCacheEngine.m */; };
		61A0587A18D7034800B8B085 /* libNYXImagesKit.a in Frameworks */ = {isa = PBXBuildFile; fileRef = 61A0587918D7034800B8B085 /* libNYXImagesKit.a */; };
		61A0587C18D7036C00B8B085 /* Accelerate.framework in Frameworks */ = {isa = PBXBuildFile; fileRef = 61A0587B18D7036C00B8B085 /* Accelerate.framework */; };
		61A0587E18D7037200B8B085 /* AssetsLibrary.framework in Frameworks */ = {isa = PBXBuildFile; fileRef = 61A0587D18D7037200B8B085 /* AssetsLibrary.framework */; };
		61A0588018D7037900B8B085 /* ImageIO.framework in Frameworks */ = {isa = PBXBuildFile; fileRef = 61A0587F18D7037900B8B085 /* ImageIO.framework */; };
		61A0588218D7038700B8B085 /* QuartzCore.framework in Frameworks */ = {isa = PBXBuildFile; fileRef = 61A0588118D7038700B8B085 /* QuartzCore.framework */; };
		61A0588418D7038D00B8B085 /* CoreImage.framework in Frameworks */ = {isa = PBXBuildFile; fileRef = 61A0588318D7038D00B8B085 /* CoreImage.framework */; };
		61E26E9A18DF063400B499D0 /* TouchableImageView.m in Sources */ = {isa = PBXBuildFile; fileRef = 61E26E9918DF063400B499D0 /* TouchableImageView.m */; };
		61F97D7F18DD3B74005A5051 /* NewTopic.m in Sources */ = {isa = PBXBuildFile; fileRef = 61F97D7E18DD3B74005A5051 /* NewTopic.m */; };
		61F97D8518DD5AC6005A5051 /* NewTopicsViewController.m in Sources */ = {isa = PBXBuildFile; fileRef = 61F97D8318DD5AC6005A5051 /* NewTopicsViewController.m */; };
		61F97D8618DD5AC6005A5051 /* NewTopicsViewController.xib in Resources */ = {isa = PBXBuildFile; fileRef = 61F97D8418DD5AC6005A5051 /* NewTopicsViewController.xib */; };
/* End PBXBuildFile section */

/* Begin PBXFileReference section */
		1F138DF618D348FC007EF456 /* ASIAuthenticationDialog.h */ = {isa = PBXFileReference; fileEncoding = 4; lastKnownFileType = sourcecode.c.h; path = ASIAuthenticationDialog.h; sourceTree = "<group>"; };
		1F138DF718D348FC007EF456 /* ASIAuthenticationDialog.m */ = {isa = PBXFileReference; fileEncoding = 4; lastKnownFileType = sourcecode.c.objc; path = ASIAuthenticationDialog.m; sourceTree = "<group>"; };
		1F138DF818D348FC007EF456 /* ASICacheDelegate.h */ = {isa = PBXFileReference; fileEncoding = 4; lastKnownFileType = sourcecode.c.h; path = ASICacheDelegate.h; sourceTree = "<group>"; };
		1F138DF918D348FC007EF456 /* ASIDataCompressor.h */ = {isa = PBXFileReference; fileEncoding = 4; lastKnownFileType = sourcecode.c.h; path = ASIDataCompressor.h; sourceTree = "<group>"; };
		1F138DFA18D348FC007EF456 /* ASIDataCompressor.m */ = {isa = PBXFileReference; fileEncoding = 4; lastKnownFileType = sourcecode.c.objc; path = ASIDataCompressor.m; sourceTree = "<group>"; };
		1F138DFB18D348FC007EF456 /* ASIDataDecompressor.h */ = {isa = PBXFileReference; fileEncoding = 4; lastKnownFileType = sourcecode.c.h; path = ASIDataDecompressor.h; sourceTree = "<group>"; };
		1F138DFC18D348FC007EF456 /* ASIDataDecompressor.m */ = {isa = PBXFileReference; fileEncoding = 4; lastKnownFileType = sourcecode.c.objc; path = ASIDataDecompressor.m; sourceTree = "<group>"; };
		1F138DFD18D348FC007EF456 /* ASIDownloadCache.h */ = {isa = PBXFileReference; fileEncoding = 4; lastKnownFileType = sourcecode.c.h; path = ASIDownloadCache.h; sourceTree = "<group>"; };
		1F138DFE18D348FC007EF456 /* ASIDownloadCache.m */ = {isa = PBXFileReference; fileEncoding = 4; lastKnownFileType = sourcecode.c.objc; path = ASIDownloadCache.m; sourceTree = "<group>"; };
		1F138DFF18D348FC007EF456 /* ASIFormDataRequest.h */ = {isa = PBXFileReference; fileEncoding = 4; lastKnownFileType = sourcecode.c.h; path = ASIFormDataRequest.h; sourceTree = "<group>"; };
		1F138E0018D348FC007EF456 /* ASIFormDataRequest.m */ = {isa = PBXFileReference; fileEncoding = 4; lastKnownFileType = sourcecode.c.objc; path = ASIFormDataRequest.m; sourceTree = "<group>"; };
		1F138E0118D348FC007EF456 /* ASIHTTPRequest.h */ = {isa = PBXFileReference; fileEncoding = 4; lastKnownFileType = sourcecode.c.h; path = ASIHTTPRequest.h; sourceTree = "<group>"; };
		1F138E0218D348FC007EF456 /* ASIHTTPRequest.m */ = {isa = PBXFileReference; fileEncoding = 4; lastKnownFileType = sourcecode.c.objc; path = ASIHTTPRequest.m; sourceTree = "<group>"; };
		1F138E0318D348FC007EF456 /* ASIHTTPRequestConfig.h */ = {isa = PBXFileReference; fileEncoding = 4; lastKnownFileType = sourcecode.c.h; path = ASIHTTPRequestConfig.h; sourceTree = "<group>"; };
		1F138E0418D348FC007EF456 /* ASIHTTPRequestDelegate.h */ = {isa = PBXFileReference; fileEncoding = 4; lastKnownFileType = sourcecode.c.h; path = ASIHTTPRequestDelegate.h; sourceTree = "<group>"; };
		1F138E0518D348FC007EF456 /* ASIInputStream.h */ = {isa = PBXFileReference; fileEncoding = 4; lastKnownFileType = sourcecode.c.h; path = ASIInputStream.h; sourceTree = "<group>"; };
		1F138E0618D348FC007EF456 /* ASIInputStream.m */ = {isa = PBXFileReference; fileEncoding = 4; lastKnownFileType = sourcecode.c.objc; path = ASIInputStream.m; sourceTree = "<group>"; };
		1F138E0718D348FC007EF456 /* ASINetworkQueue.h */ = {isa = PBXFileReference; fileEncoding = 4; lastKnownFileType = sourcecode.c.h; path = ASINetworkQueue.h; sourceTree = "<group>"; };
		1F138E0818D348FC007EF456 /* ASINetworkQueue.m */ = {isa = PBXFileReference; fileEncoding = 4; lastKnownFileType = sourcecode.c.objc; path = ASINetworkQueue.m; sourceTree = "<group>"; };
		1F138E0918D348FC007EF456 /* ASIProgressDelegate.h */ = {isa = PBXFileReference; fileEncoding = 4; lastKnownFileType = sourcecode.c.h; path = ASIProgressDelegate.h; sourceTree = "<group>"; };
		1F138E7218D3496E007EF456 /* Reachability.h */ = {isa = PBXFileReference; fileEncoding = 4; lastKnownFileType = sourcecode.c.h; path = Reachability.h; sourceTree = "<group>"; };
		1F138E7318D3496E007EF456 /* Reachability.m */ = {isa = PBXFileReference; fileEncoding = 4; lastKnownFileType = sourcecode.c.objc; path = Reachability.m; sourceTree = "<group>"; };
		1F138E7518D349FD007EF456 /* SystemConfiguration.framework */ = {isa = PBXFileReference; lastKnownFileType = wrapper.framework; name = SystemConfiguration.framework; path = System/Library/Frameworks/SystemConfiguration.framework; sourceTree = SDKROOT; };
		1F138E7718D34A02007EF456 /* MobileCoreServices.framework */ = {isa = PBXFileReference; lastKnownFileType = wrapper.framework; name = MobileCoreServices.framework; path = System/Library/Frameworks/MobileCoreServices.framework; sourceTree = SDKROOT; };
		1F138E7918D34A11007EF456 /* libz.dylib */ = {isa = PBXFileReference; lastKnownFileType = "compiled.mach-o.dylib"; name = libz.dylib; path = usr/lib/libz.dylib; sourceTree = SDKROOT; };
		1F138E8018D34D30007EF456 /* DataEngine.h */ = {isa = PBXFileReference; fileEncoding = 4; lastKnownFileType = sourcecode.c.h; path = DataEngine.h; sourceTree = "<group>"; };
		1F138E8118D34D30007EF456 /* DataEngine.m */ = {isa = PBXFileReference; fileEncoding = 4; lastKnownFileType = sourcecode.c.objc; path = DataEngine.m; sourceTree = "<group>"; };
		1F138E8318D34FEC007EF456 /* Constants.h */ = {isa = PBXFileReference; lastKnownFileType = sourcecode.c.h; path = Constants.h; sourceTree = "<group>"; };
		1F138E8418D34FFE007EF456 /* Constants+APIRequest.h */ = {isa = PBXFileReference; fileEncoding = 4; lastKnownFileType = sourcecode.c.h; path = "Constants+APIRequest.h"; sourceTree = "<group>"; };
		1F138E8618D354C4007EF456 /* JSONKit.h */ = {isa = PBXFileReference; fileEncoding = 4; lastKnownFileType = sourcecode.c.h; path = JSONKit.h; sourceTree = "<group>"; };
		1F138E8718D354C4007EF456 /* JSONKit.m */ = {isa = PBXFileReference; fileEncoding = 4; lastKnownFileType = sourcecode.c.objc; path = JSONKit.m; sourceTree = "<group>"; };
		1F509D8318D2E36900B1E411 /* HaiXiuGroup.app */ = {isa = PBXFileReference; explicitFileType = wrapper.application; includeInIndex = 0; path = HaiXiuGroup.app; sourceTree = BUILT_PRODUCTS_DIR; };
		1F509D8618D2E36900B1E411 /* Foundation.framework */ = {isa = PBXFileReference; lastKnownFileType = wrapper.framework; name = Foundation.framework; path = System/Library/Frameworks/Foundation.framework; sourceTree = SDKROOT; };
		1F509D8818D2E36900B1E411 /* CoreGraphics.framework */ = {isa = PBXFileReference; lastKnownFileType = wrapper.framework; name = CoreGraphics.framework; path = System/Library/Frameworks/CoreGraphics.framework; sourceTree = SDKROOT; };
		1F509D8A18D2E36900B1E411 /* UIKit.framework */ = {isa = PBXFileReference; lastKnownFileType = wrapper.framework; name = UIKit.framework; path = System/Library/Frameworks/UIKit.framework; sourceTree = SDKROOT; };
		1F509D8E18D2E36900B1E411 /* HaiXiuGroup-Info.plist */ = {isa = PBXFileReference; lastKnownFileType = text.plist.xml; path = "HaiXiuGroup-Info.plist"; sourceTree = "<group>"; };
		1F509D9018D2E36900B1E411 /* en */ = {isa = PBXFileReference; lastKnownFileType = text.plist.strings; name = en; path = en.lproj/InfoPlist.strings; sourceTree = "<group>"; };
		1F509D9218D2E36900B1E411 /* main.m */ = {isa = PBXFileReference; lastKnownFileType = sourcecode.c.objc; path = main.m; sourceTree = "<group>"; };
		1F509D9418D2E36900B1E411 /* HaiXiuGroup-Prefix.pch */ = {isa = PBXFileReference; lastKnownFileType = sourcecode.c.h; path = "HaiXiuGroup-Prefix.pch"; sourceTree = "<group>"; };
		1F509D9518D2E36900B1E411 /* AppDelegate.h */ = {isa = PBXFileReference; lastKnownFileType = sourcecode.c.h; path = AppDelegate.h; sourceTree = "<group>"; };
		1F509D9618D2E36900B1E411 /* AppDelegate.m */ = {isa = PBXFileReference; lastKnownFileType = sourcecode.c.objc; path = AppDelegate.m; sourceTree = "<group>"; };
		1F509DC418D2E6CD00B1E411 /* Default-568h@2x.png */ = {isa = PBXFileReference; lastKnownFileType = image.png; path = "Default-568h@2x.png"; sourceTree = "<group>"; };
		1F509DC518D2E6CD00B1E411 /* Default.png */ = {isa = PBXFileReference; lastKnownFileType = image.png; path = Default.png; sourceTree = "<group>"; };
		1F509DC618D2E6CD00B1E411 /* Default@2x.png */ = {isa = PBXFileReference; lastKnownFileType = image.png; path = "Default@2x.png"; sourceTree = "<group>"; };
		1F9EEDB718D5B0C700F94ED3 /* Topic.h */ = {isa = PBXFileReference; fileEncoding = 4; lastKnownFileType = sourcecode.c.h; path = Topic.h; sourceTree = "<group>"; };
		1F9EEDB818D5B0C700F94ED3 /* Topic.m */ = {isa = PBXFileReference; fileEncoding = 4; lastKnownFileType = sourcecode.c.objc; path = Topic.m; sourceTree = "<group>"; };
		1F9EEDB918D5B0C700F94ED3 /* User.h */ = {isa = PBXFileReference; fileEncoding = 4; lastKnownFileType = sourcecode.c.h; path = User.h; sourceTree = "<group>"; };
		1F9EEDBA18D5B0C700F94ED3 /* User.m */ = {isa = PBXFileReference; fileEncoding = 4; lastKnownFileType = sourcecode.c.objc; path = User.m; sourceTree = "<group>"; };
		1F9EEDBD18D5B3B600F94ED3 /* DataParse.h */ = {isa = PBXFileReference; fileEncoding = 4; lastKnownFileType = sourcecode.c.h; path = DataParse.h; sourceTree = "<group>"; };
		1F9EEDBE18D5B3B600F94ED3 /* DataParse.m */ = {isa = PBXFileReference; fileEncoding = 4; lastKnownFileType = sourcecode.c.objc; path = DataParse.m; sourceTree = "<group>"; };
		1F9EEDC018D5BA4F00F94ED3 /* Constants+ErrorCodeDef.h */ = {isa = PBXFileReference; lastKnownFileType = sourcecode.c.h; path = "Constants+ErrorCodeDef.h"; sourceTree = "<group>"; };
		1F9EEDC218D5C53A00F94ED3 /* ErrorCodeUtils.h */ = {isa = PBXFileReference; fileEncoding = 4; lastKnownFileType = sourcecode.c.h; path = ErrorCodeUtils.h; sourceTree = "<group>"; };
		1F9EEDC318D5C53A00F94ED3 /* ErrorCodeUtils.m */ = {isa = PBXFileReference; fileEncoding = 4; lastKnownFileType = sourcecode.c.objc; path = ErrorCodeUtils.m; sourceTree = "<group>"; };
		1F9EEDC718D5CA6100F94ED3 /* EGORefreshTableHeaderView.h */ = {isa = PBXFileReference; fileEncoding = 4; lastKnownFileType = sourcecode.c.h; path = EGORefreshTableHeaderView.h; sourceTree = "<group>"; };
		1F9EEDC818D5CA6100F94ED3 /* EGORefreshTableHeaderView.m */ = {isa = PBXFileReference; fileEncoding = 4; lastKnownFileType = sourcecode.c.objc; path = EGORefreshTableHeaderView.m; sourceTree = "<group>"; };
		1F9EEDCB18D5CA6100F94ED3 /* LoadMoreTableFooterView.h */ = {isa = PBXFileReference; fileEncoding = 4; lastKnownFileType = sourcecode.c.h; path = LoadMoreTableFooterView.h; sourceTree = "<group>"; };
		1F9EEDCC18D5CA6100F94ED3 /* LoadMoreTableFooterView.m */ = {isa = PBXFileReference; fileEncoding = 4; lastKnownFileType = sourcecode.c.objc; path = LoadMoreTableFooterView.m; sourceTree = "<group>"; };
		1F9EEDD018D5CAFC00F94ED3 /* TopicListViewController.h */ = {isa = PBXFileReference; fileEncoding = 4; lastKnownFileType = sourcecode.c.h; path = TopicListViewController.h; sourceTree = "<group>"; };
		1F9EEDD118D5CAFC00F94ED3 /* TopicListViewController.m */ = {isa = PBXFileReference; fileEncoding = 4; lastKnownFileType = sourcecode.c.objc; path = TopicListViewController.m; sourceTree = "<group>"; };
		1F9EEDD518D5CB1600F94ED3 /* TopicListViewController.xib */ = {isa = PBXFileReference; fileEncoding = 4; lastKnownFileType = file.xib; path = TopicListViewController.xib; sourceTree = "<group>"; };
		1F9EEDE418D5D03C00F94ED3 /* LeftMenuViewController.h */ = {isa = PBXFileReference; fileEncoding = 4; lastKnownFileType = sourcecode.c.h; path = LeftMenuViewController.h; sourceTree = "<group>"; };
		1F9EEDE518D5D03C00F94ED3 /* LeftMenuViewController.m */ = {isa = PBXFileReference; fileEncoding = 4; lastKnownFileType = sourcecode.c.objc; path = LeftMenuViewController.m; sourceTree = "<group>"; };
		1F9EEDE918D5D04B00F94ED3 /* LeftMenuViewController.xib */ = {isa = PBXFileReference; fileEncoding = 4; lastKnownFileType = file.xib; path = LeftMenuViewController.xib; sourceTree = "<group>"; };
		1F9EEDEB18D5D2B100F94ED3 /* TopicDetailViewController.h */ = {isa = PBXFileReference; fileEncoding = 4; lastKnownFileType = sourcecode.c.h; path = TopicDetailViewController.h; sourceTree = "<group>"; };
		1F9EEDEC18D5D2B100F94ED3 /* TopicDetailViewController.m */ = {isa = PBXFileReference; fileEncoding = 4; lastKnownFileType = sourcecode.c.objc; path = TopicDetailViewController.m; sourceTree = "<group>"; };
		1F9EEDF018D5D2BC00F94ED3 /* TopicDetailViewController.xib */ = {isa = PBXFileReference; fileEncoding = 4; lastKnownFileType = file.xib; path = TopicDetailViewController.xib; sourceTree = "<group>"; };
		1F9EEDF218D5D3C100F94ED3 /* UIImage+Color.h */ = {isa = PBXFileReference; fileEncoding = 4; lastKnownFileType = sourcecode.c.h; path = "UIImage+Color.h"; sourceTree = "<group>"; };
		1F9EEDF318D5D3C100F94ED3 /* UIImage+Color.m */ = {isa = PBXFileReference; fileEncoding = 4; lastKnownFileType = sourcecode.c.objc; path = "UIImage+Color.m"; sourceTree = "<group>"; };
		1FDFDF0118D5E35F00354196 /* UIViewController+iOS7Fix.h */ = {isa = PBXFileReference; fileEncoding = 4; lastKnownFileType = sourcecode.c.h; path = "UIViewController+iOS7Fix.h"; sourceTree = "<group>"; };
		1FDFDF0218D5E35F00354196 /* UIViewController+iOS7Fix.m */ = {isa = PBXFileReference; fileEncoding = 4; lastKnownFileType = sourcecode.c.objc; path = "UIViewController+iOS7Fix.m"; sourceTree = "<group>"; };
		1FDFDF0618D5E5F200354196 /* da */ = {isa = PBXFileReference; lastKnownFileType = text.plist.strings; name = da; path = da.lproj/SVWebViewController.strings; sourceTree = "<group>"; };
		1FDFDF0718D5E5F200354196 /* en */ = {isa = PBXFileReference; lastKnownFileType = text.plist.strings; name = en; path = en.lproj/SVWebViewController.strings; sourceTree = "<group>"; };
		1FDFDF0818D5E5F200354196 /* es-ES */ = {isa = PBXFileReference; lastKnownFileType = text.plist.strings; name = "es-ES"; path = "es-ES.lproj/SVWebViewController.strings"; sourceTree = "<group>"; };
		1FDFDF0918D5E5F200354196 /* es */ = {isa = PBXFileReference; lastKnownFileType = text.plist.strings; name = es; path = es.lproj/SVWebViewController.strings; sourceTree = "<group>"; };
		1FDFDF0A18D5E5F200354196 /* fr */ = {isa = PBXFileReference; lastKnownFileType = text.plist.strings; name = fr; path = fr.lproj/SVWebViewController.strings; sourceTree = "<group>"; };
		1FDFDF0B18D5E5F200354196 /* ja */ = {isa = PBXFileReference; lastKnownFileType = text.plist.strings; name = ja; path = ja.lproj/SVWebViewController.strings; sourceTree = "<group>"; };
		1FDFDF0C18D5E5F200354196 /* SVModalWebViewController.h */ = {isa = PBXFileReference; fileEncoding = 4; lastKnownFileType = sourcecode.c.h; path = SVModalWebViewController.h; sourceTree = "<group>"; };
		1FDFDF0D18D5E5F200354196 /* SVModalWebViewController.m */ = {isa = PBXFileReference; fileEncoding = 4; lastKnownFileType = sourcecode.c.objc; path = SVModalWebViewController.m; sourceTree = "<group>"; };
		1FDFDF0E18D5E5F200354196 /* SVWebViewController.bundle */ = {isa = PBXFileReference; lastKnownFileType = "wrapper.plug-in"; path = SVWebViewController.bundle; sourceTree = "<group>"; };
		1FDFDF0F18D5E5F200354196 /* SVWebViewController.h */ = {isa = PBXFileReference; fileEncoding = 4; lastKnownFileType = sourcecode.c.h; path = SVWebViewController.h; sourceTree = "<group>"; };
		1FDFDF1018D5E5F200354196 /* SVWebViewController.m */ = {isa = PBXFileReference; fileEncoding = 4; lastKnownFileType = sourcecode.c.objc; path = SVWebViewController.m; sourceTree = "<group>"; };
		1FDFDF1318D5E5F200354196 /* SVWebViewControllerActivityChrome-iPad.png */ = {isa = PBXFileReference; lastKnownFileType = image.png; path = "SVWebViewControllerActivityChrome-iPad.png"; sourceTree = "<group>"; };
		1FDFDF1418D5E5F200354196 /* SVWebViewControllerActivityChrome-iPad@2x.png */ = {isa = PBXFileReference; lastKnownFileType = image.png; path = "SVWebViewControllerActivityChrome-iPad@2x.png"; sourceTree = "<group>"; };
		1FDFDF1518D5E5F200354196 /* SVWebViewControllerActivityChrome.h */ = {isa = PBXFileReference; fileEncoding = 4; lastKnownFileType = sourcecode.c.h; path = SVWebViewControllerActivityChrome.h; sourceTree = "<group>"; };
		1FDFDF1618D5E5F200354196 /* SVWebViewControllerActivityChrome.m */ = {isa = PBXFileReference; fileEncoding = 4; lastKnownFileType = sourcecode.c.objc; path = SVWebViewControllerActivityChrome.m; sourceTree = "<group>"; };
		1FDFDF1718D5E5F200354196 /* SVWebViewControllerActivityChrome@2x.png */ = {isa = PBXFileReference; lastKnownFileType = image.png; path = "SVWebViewControllerActivityChrome@2x.png"; sourceTree = "<group>"; };
		1FDFDF1918D5E5F200354196 /* SVWebViewControllerActivitySafari-iPad.png */ = {isa = PBXFileReference; lastKnownFileType = image.png; path = "SVWebViewControllerActivitySafari-iPad.png"; sourceTree = "<group>"; };
		1FDFDF1A18D5E5F200354196 /* SVWebViewControllerActivitySafari-iPad@2x.png */ = {isa = PBXFileReference; lastKnownFileType = image.png; path = "SVWebViewControllerActivitySafari-iPad@2x.png"; sourceTree = "<group>"; };
		1FDFDF1B18D5E5F200354196 /* SVWebViewControllerActivitySafari.h */ = {isa = PBXFileReference; fileEncoding = 4; lastKnownFileType = sourcecode.c.h; path = SVWebViewControllerActivitySafari.h; sourceTree = "<group>"; };
		1FDFDF1C18D5E5F200354196 /* SVWebViewControllerActivitySafari.m */ = {isa = PBXFileReference; fileEncoding = 4; lastKnownFileType = sourcecode.c.objc; path = SVWebViewControllerActivitySafari.m; sourceTree = "<group>"; };
		1FDFDF1D18D5E5F200354196 /* SVWebViewControllerActivitySafari@2x.png */ = {isa = PBXFileReference; lastKnownFileType = image.png; path = "SVWebViewControllerActivitySafari@2x.png"; sourceTree = "<group>"; };
		1FDFDF1E18D5E5F200354196 /* SVWebViewControllerActivity.h */ = {isa = PBXFileReference; fileEncoding = 4; lastKnownFileType = sourcecode.c.h; path = SVWebViewControllerActivity.h; sourceTree = "<group>"; };
		1FDFDF1F18D5E5F200354196 /* SVWebViewControllerActivity.m */ = {isa = PBXFileReference; fileEncoding = 4; lastKnownFileType = sourcecode.c.objc; path = SVWebViewControllerActivity.m; sourceTree = "<group>"; };
		1FDFDF2018D5E5F200354196 /* zh-Hans */ = {isa = PBXFileReference; lastKnownFileType = text.plist.strings; name = "zh-Hans"; path = "zh-Hans.lproj/SVWebViewController.strings"; sourceTree = "<group>"; };
		1FDFDF2118D5E5F200354196 /* zh-Hant */ = {isa = PBXFileReference; lastKnownFileType = text.plist.strings; name = "zh-Hant"; path = "zh-Hant.lproj/SVWebViewController.strings"; sourceTree = "<group>"; };
		1FDFDF3118D5E76E00354196 /* TopicListCell.h */ = {isa = PBXFileReference; fileEncoding = 4; lastKnownFileType = sourcecode.c.h; path = TopicListCell.h; sourceTree = "<group>"; };
		1FDFDF3218D5E76E00354196 /* TopicListCell.m */ = {isa = PBXFileReference; fileEncoding = 4; lastKnownFileType = sourcecode.c.objc; path = TopicListCell.m; sourceTree = "<group>"; };
		1FDFDF3418D5E78800354196 /* TopicListCell.xib */ = {isa = PBXFileReference; fileEncoding = 4; lastKnownFileType = file.xib; path = TopicListCell.xib; sourceTree = "<group>"; };
		1FDFDF3918D5F1A900354196 /* NSStringExtra.h */ = {isa = PBXFileReference; fileEncoding = 4; lastKnownFileType = sourcecode.c.h; path = NSStringExtra.h; sourceTree = "<group>"; };
		1FDFDF3A18D5F1A900354196 /* NSStringExtra.m */ = {isa = PBXFileReference; fileEncoding = 4; lastKnownFileType = sourcecode.c.objc; path = NSStringExtra.m; sourceTree = "<group>"; };
		1FDFDF3D18D5F5ED00354196 /* md5.cpp */ = {isa = PBXFileReference; fileEncoding = 4; lastKnownFileType = sourcecode.cpp.cpp; path = md5.cpp; sourceTree = "<group>"; };
		1FDFDF3E18D5F5ED00354196 /* md5.h */ = {isa = PBXFileReference; fileEncoding = 4; lastKnownFileType = sourcecode.c.h; path = md5.h; sourceTree = "<group>"; };
		1FDFDF3F18D5F5ED00354196 /* NSData+MD5.h */ = {isa = PBXFileReference; fileEncoding = 4; lastKnownFileType = sourcecode.c.h; path = "NSData+MD5.h"; sourceTree = "<group>"; };
		1FDFDF4018D5F5ED00354196 /* NSData+MD5.m */ = {isa = PBXFileReference; fileEncoding = 4; lastKnownFileType = sourcecode.c.objc; path = "NSData+MD5.m"; sourceTree = "<group>"; };
		1FDFDF4118D5F5ED00354196 /* NSString+MD5.h */ = {isa = PBXFileReference; fileEncoding = 4; lastKnownFileType = sourcecode.c.h; path = "NSString+MD5.h"; sourceTree = "<group>"; };
		1FDFDF4218D5F5ED00354196 /* NSString+MD5.mm */ = {isa = PBXFileReference; fileEncoding = 4; lastKnownFileType = sourcecode.cpp.objcpp; path = "NSString+MD5.mm"; sourceTree = "<group>"; };
		1FDFDF4618D5F62800354196 /* SkipBackupUtils.h */ = {isa = PBXFileReference; fileEncoding = 4; lastKnownFileType = sourcecode.c.h; path = SkipBackupUtils.h; sourceTree = "<group>"; };
		1FDFDF4718D5F62800354196 /* SkipBackupUtils.m */ = {isa = PBXFileReference; fileEncoding = 4; lastKnownFileType = sourcecode.c.objc; path = SkipBackupUtils.m; sourceTree = "<group>"; };
		1FDFDF4918D5F63F00354196 /* ImageCacheEngine.h */ = {isa = PBXFileReference; fileEncoding = 4; lastKnownFileType = sourcecode.c.h; path = ImageCacheEngine.h; sourceTree = "<group>"; };
		1FDFDF4A18D5F63F00354196 /* ImageCacheEngine.m */ = {isa = PBXFileReference; fileEncoding = 4; lastKnownFileType = sourcecode.c.objc; path = ImageCacheEngine.m; sourceTree = "<group>"; };
		1FDFDF4C18D5FA9F00354196 /* Constants+RetrunParamDef.h */ = {isa = PBXFileReference; fileEncoding = 4; lastKnownFileType = sourcecode.c.h; path = "Constants+RetrunParamDef.h"; sourceTree = "<group>"; };
		61A0587918D7034800B8B085 /* libNYXImagesKit.a */ = {isa = PBXFileReference; lastKnownFileType = archive.ar; path = libNYXImagesKit.a; sourceTree = "<group>"; };
		61A0587B18D7036C00B8B085 /* Accelerate.framework */ = {isa = PBXFileReference; lastKnownFileType = wrapper.framework; name = Accelerate.framework; path = System/Library/Frameworks/Accelerate.framework; sourceTree = SDKROOT; };
		61A0587D18D7037200B8B085 /* AssetsLibrary.framework */ = {isa = PBXFileReference; lastKnownFileType = wrapper.framework; name = AssetsLibrary.framework; path = System/Library/Frameworks/AssetsLibrary.framework; sourceTree = SDKROOT; };
		61A0587F18D7037900B8B085 /* ImageIO.framework */ = {isa = PBXFileReference; lastKnownFileType = wrapper.framework; name = ImageIO.framework; path = System/Library/Frameworks/ImageIO.framework; sourceTree = SDKROOT; };
		61A0588118D7038700B8B085 /* QuartzCore.framework */ = {isa = PBXFileReference; lastKnownFileType = wrapper.framework; name = QuartzCore.framework; path = System/Library/Frameworks/QuartzCore.framework; sourceTree = SDKROOT; };
		61A0588318D7038D00B8B085 /* CoreImage.framework */ = {isa = PBXFileReference; lastKnownFileType = wrapper.framework; name = CoreImage.framework; path = System/Library/Frameworks/CoreImage.framework; sourceTree = SDKROOT; };
		61E26E9618DECF7E00B499D0 /* Constants+Notification.h */ = {isa = PBXFileReference; lastKnownFileType = sourcecode.c.h; path = "Constants+Notification.h"; sourceTree = "<group>"; };
		61E26E9818DF063400B499D0 /* TouchableImageView.h */ = {isa = PBXFileReference; fileEncoding = 4; lastKnownFileType = sourcecode.c.h; path = TouchableImageView.h; sourceTree = "<group>"; };
		61E26E9918DF063400B499D0 /* TouchableImageView.m */ = {isa = PBXFileReference; fileEncoding = 4; lastKnownFileType = sourcecode.c.objc; path = TouchableImageView.m; sourceTree = "<group>"; };
		61F97D7D18DD3B74005A5051 /* NewTopic.h */ = {isa = PBXFileReference; fileEncoding = 4; lastKnownFileType = sourcecode.c.h; path = NewTopic.h; sourceTree = "<group>"; };
		61F97D7E18DD3B74005A5051 /* NewTopic.m */ = {isa = PBXFileReference; fileEncoding = 4; lastKnownFileType = sourcecode.c.objc; path = NewTopic.m; sourceTree = "<group>"; };
		61F97D8218DD5AC6005A5051 /* NewTopicsViewController.h */ = {isa = PBXFileReference; fileEncoding = 4; lastKnownFileType = sourcecode.c.h; path = NewTopicsViewController.h; sourceTree = "<group>"; };
		61F97D8318DD5AC6005A5051 /* NewTopicsViewController.m */ = {isa = PBXFileReference; fileEncoding = 4; lastKnownFileType = sourcecode.c.objc; path = NewTopicsViewController.m; sourceTree = "<group>"; };
		61F97D8418DD5AC6005A5051 /* NewTopicsViewController.xib */ = {isa = PBXFileReference; fileEncoding = 4; lastKnownFileType = file.xib; name = NewTopicsViewController.xib; path = ../../UIClasses/NewTopicsViewController.xib; sourceTree = "<group>"; };
/* End PBXFileReference section */

/* Begin PBXFrameworksBuildPhase section */
		1F509D8018D2E36900B1E411 /* Frameworks */ = {
			isa = PBXFrameworksBuildPhase;
			buildActionMask = 2147483647;
			files = (
				61A0588418D7038D00B8B085 /* CoreImage.framework in Frameworks */,
				61A0588218D7038700B8B085 /* QuartzCore.framework in Frameworks */,
				1F138E7818D34A02007EF456 /* MobileCoreServices.framework in Frameworks */,
				61A0588018D7037900B8B085 /* ImageIO.framework in Frameworks */,
				61A0587E18D7037200B8B085 /* AssetsLibrary.framework in Frameworks */,
				61A0587C18D7036C00B8B085 /* Accelerate.framework in Frameworks */,
				1F138E7A18D34A11007EF456 /* libz.dylib in Frameworks */,
				1F509D8918D2E36900B1E411 /* CoreGraphics.framework in Frameworks */,
				61A0587A18D7034800B8B085 /* libNYXImagesKit.a in Frameworks */,
				1F138E7618D349FD007EF456 /* SystemConfiguration.framework in Frameworks */,
				1F509D8B18D2E36900B1E411 /* UIKit.framework in Frameworks */,
				1F509D8718D2E36900B1E411 /* Foundation.framework in Frameworks */,
			);
			runOnlyForDeploymentPostprocessing = 0;
		};
/* End PBXFrameworksBuildPhase section */

/* Begin PBXGroup section */
		1F138DF418D348FC007EF456 /* Libraries */ = {
			isa = PBXGroup;
			children = (
				61A0587818D7033900B8B085 /* ImageEffect */,
				1FDFDF3C18D5F5ED00354196 /* MD5 */,
				1F138DF518D348FC007EF456 /* ASIHttpRequest */,
				1F138E8518D354C4007EF456 /* JSONKit */,
				1F138E7118D3496E007EF456 /* Reachability */,
			);
			path = Libraries;
			sourceTree = "<group>";
		};
		1F138DF518D348FC007EF456 /* ASIHttpRequest */ = {
			isa = PBXGroup;
			children = (
				1F138DF618D348FC007EF456 /* ASIAuthenticationDialog.h */,
				1F138DF718D348FC007EF456 /* ASIAuthenticationDialog.m */,
				1F138DF818D348FC007EF456 /* ASICacheDelegate.h */,
				1F138DF918D348FC007EF456 /* ASIDataCompressor.h */,
				1F138DFA18D348FC007EF456 /* ASIDataCompressor.m */,
				1F138DFB18D348FC007EF456 /* ASIDataDecompressor.h */,
				1F138DFC18D348FC007EF456 /* ASIDataDecompressor.m */,
				1F138DFD18D348FC007EF456 /* ASIDownloadCache.h */,
				1F138DFE18D348FC007EF456 /* ASIDownloadCache.m */,
				1F138DFF18D348FC007EF456 /* ASIFormDataRequest.h */,
				1F138E0018D348FC007EF456 /* ASIFormDataRequest.m */,
				1F138E0118D348FC007EF456 /* ASIHTTPRequest.h */,
				1F138E0218D348FC007EF456 /* ASIHTTPRequest.m */,
				1F138E0318D348FC007EF456 /* ASIHTTPRequestConfig.h */,
				1F138E0418D348FC007EF456 /* ASIHTTPRequestDelegate.h */,
				1F138E0518D348FC007EF456 /* ASIInputStream.h */,
				1F138E0618D348FC007EF456 /* ASIInputStream.m */,
				1F138E0718D348FC007EF456 /* ASINetworkQueue.h */,
				1F138E0818D348FC007EF456 /* ASINetworkQueue.m */,
				1F138E0918D348FC007EF456 /* ASIProgressDelegate.h */,
			);
			path = ASIHttpRequest;
			sourceTree = "<group>";
		};
		1F138E7118D3496E007EF456 /* Reachability */ = {
			isa = PBXGroup;
			children = (
				1F138E7218D3496E007EF456 /* Reachability.h */,
				1F138E7318D3496E007EF456 /* Reachability.m */,
			);
			path = Reachability;
			sourceTree = "<group>";
		};
		1F138E7F18D34D30007EF456 /* DataClasses */ = {
			isa = PBXGroup;
			children = (
				1FDFDF4918D5F63F00354196 /* ImageCacheEngine.h */,
				1FDFDF4A18D5F63F00354196 /* ImageCacheEngine.m */,
				1F138E8018D34D30007EF456 /* DataEngine.h */,
				1F138E8118D34D30007EF456 /* DataEngine.m */,
				1F9EEDB618D5B0C700F94ED3 /* DataModel */,
				1F9EEDBD18D5B3B600F94ED3 /* DataParse.h */,
				1F9EEDBE18D5B3B600F94ED3 /* DataParse.m */,
			);
			path = DataClasses;
			sourceTree = "<group>";
		};
		1F138E8518D354C4007EF456 /* JSONKit */ = {
			isa = PBXGroup;
			children = (
				1F138E8618D354C4007EF456 /* JSONKit.h */,
				1F138E8718D354C4007EF456 /* JSONKit.m */,
			);
			path = JSONKit;
			sourceTree = "<group>";
		};
		1F509D7A18D2E36900B1E411 = {
			isa = PBXGroup;
			children = (
				1F509D8C18D2E36900B1E411 /* HaiXiuGroup */,
				1F509D8518D2E36900B1E411 /* Frameworks */,
				1F509D8418D2E36900B1E411 /* Products */,
			);
			sourceTree = "<group>";
		};
		1F509D8418D2E36900B1E411 /* Products */ = {
			isa = PBXGroup;
			children = (
				1F509D8318D2E36900B1E411 /* HaiXiuGroup.app */,
			);
			name = Products;
			sourceTree = "<group>";
		};
		1F509D8518D2E36900B1E411 /* Frameworks */ = {
			isa = PBXGroup;
			children = (
				61A0588318D7038D00B8B085 /* CoreImage.framework */,
				61A0588118D7038700B8B085 /* QuartzCore.framework */,
				61A0587F18D7037900B8B085 /* ImageIO.framework */,
				61A0587D18D7037200B8B085 /* AssetsLibrary.framework */,
				61A0587B18D7036C00B8B085 /* Accelerate.framework */,
				1F509D8818D2E36900B1E411 /* CoreGraphics.framework */,
				1F509D8618D2E36900B1E411 /* Foundation.framework */,
				1F138E7918D34A11007EF456 /* libz.dylib */,
				1F138E7718D34A02007EF456 /* MobileCoreServices.framework */,
				1F138E7518D349FD007EF456 /* SystemConfiguration.framework */,
				1F509D8A18D2E36900B1E411 /* UIKit.framework */,
			);
			name = Frameworks;
			sourceTree = "<group>";
		};
		1F509D8C18D2E36900B1E411 /* HaiXiuGroup */ = {
			isa = PBXGroup;
			children = (
				1F509D9518D2E36900B1E411 /* AppDelegate.h */,
				1F509D9618D2E36900B1E411 /* AppDelegate.m */,
				1F138E8418D34FFE007EF456 /* Constants+APIRequest.h */,
				1F9EEDC018D5BA4F00F94ED3 /* Constants+ErrorCodeDef.h */,
				1FDFDF4C18D5FA9F00354196 /* Constants+RetrunParamDef.h */,
				61E26E9618DECF7E00B499D0 /* Constants+Notification.h */,
				1F138E8318D34FEC007EF456 /* Constants.h */,
				1F9EEDC518D5CA6100F94ED3 /* CustomUIClasses */,
				1F138E7F18D34D30007EF456 /* DataClasses */,
				1F138DF418D348FC007EF456 /* Libraries */,
				1F509DBF18D2E45500B1E411 /* Resources */,
				1F509D8D18D2E36900B1E411 /* Supporting Files */,
				1F509DBB18D2E41F00B1E411 /* UIClasses */,
				1F9EEDC118D5C53000F94ED3 /* Utils */,
			);
			path = HaiXiuGroup;
			sourceTree = "<group>";
		};
		1F509D8D18D2E36900B1E411 /* Supporting Files */ = {
			isa = PBXGroup;
			children = (
				1F509D8E18D2E36900B1E411 /* HaiXiuGroup-Info.plist */,
				1F509D8F18D2E36900B1E411 /* InfoPlist.strings */,
				1F509D9218D2E36900B1E411 /* main.m */,
				1F509D9418D2E36900B1E411 /* HaiXiuGroup-Prefix.pch */,
			);
			name = "Supporting Files";
			sourceTree = "<group>";
		};
		1F509DBB18D2E41F00B1E411 /* UIClasses */ = {
			isa = PBXGroup;
			children = (
				1F9EEDE418D5D03C00F94ED3 /* LeftMenuViewController.h */,
				1F9EEDE518D5D03C00F94ED3 /* LeftMenuViewController.m */,
				1F9EEDEB18D5D2B100F94ED3 /* TopicDetailViewController.h */,
				1F9EEDEC18D5D2B100F94ED3 /* TopicDetailViewController.m */,
				1F9EEDD018D5CAFC00F94ED3 /* TopicListViewController.h */,
				1F9EEDD118D5CAFC00F94ED3 /* TopicListViewController.m */,
				61F97D8218DD5AC6005A5051 /* NewTopicsViewController.h */,
				61F97D8318DD5AC6005A5051 /* NewTopicsViewController.m */,
			);
			path = UIClasses;
			sourceTree = "<group>";
		};
		1F509DBF18D2E45500B1E411 /* Resources */ = {
			isa = PBXGroup;
			children = (
				1F509DC018D2E45500B1E411 /* images */,
				1F509DC118D2E45500B1E411 /* xibs */,
			);
			path = Resources;
			sourceTree = "<group>";
		};
		1F509DC018D2E45500B1E411 /* images */ = {
			isa = PBXGroup;
			children = (
				1F509DC418D2E6CD00B1E411 /* Default-568h@2x.png */,
				1F509DC518D2E6CD00B1E411 /* Default.png */,
				1F509DC618D2E6CD00B1E411 /* Default@2x.png */,
			);
			path = images;
			sourceTree = "<group>";
		};
		1F509DC118D2E45500B1E411 /* xibs */ = {
			isa = PBXGroup;
			children = (
				61F97D8418DD5AC6005A5051 /* NewTopicsViewController.xib */,
				1F9EEDE918D5D04B00F94ED3 /* LeftMenuViewController.xib */,
				1F9EEDF018D5D2BC00F94ED3 /* TopicDetailViewController.xib */,
				1F9EEDD518D5CB1600F94ED3 /* TopicListViewController.xib */,
				1FDFDF3418D5E78800354196 /* TopicListCell.xib */,
			);
			path = xibs;
			sourceTree = "<group>";
		};
		1F9EEDB618D5B0C700F94ED3 /* DataModel */ = {
			isa = PBXGroup;
			children = (
				1F9EEDB718D5B0C700F94ED3 /* Topic.h */,
				1F9EEDB818D5B0C700F94ED3 /* Topic.m */,
				1F9EEDB918D5B0C700F94ED3 /* User.h */,
				1F9EEDBA18D5B0C700F94ED3 /* User.m */,
				61F97D7D18DD3B74005A5051 /* NewTopic.h */,
				61F97D7E18DD3B74005A5051 /* NewTopic.m */,
			);
			path = DataModel;
			sourceTree = "<group>";
		};
		1F9EEDC118D5C53000F94ED3 /* Utils */ = {
			isa = PBXGroup;
			children = (
				1FDFDF4618D5F62800354196 /* SkipBackupUtils.h */,
				1FDFDF4718D5F62800354196 /* SkipBackupUtils.m */,
				1FDFDF3918D5F1A900354196 /* NSStringExtra.h */,
				1FDFDF3A18D5F1A900354196 /* NSStringExtra.m */,
				1FDFDF0118D5E35F00354196 /* UIViewController+iOS7Fix.h */,
				1FDFDF0218D5E35F00354196 /* UIViewController+iOS7Fix.m */,
				1F9EEDF218D5D3C100F94ED3 /* UIImage+Color.h */,
				1F9EEDF318D5D3C100F94ED3 /* UIImage+Color.m */,
				1F9EEDC218D5C53A00F94ED3 /* ErrorCodeUtils.h */,
				1F9EEDC318D5C53A00F94ED3 /* ErrorCodeUtils.m */,
			);
			path = Utils;
			sourceTree = "<group>";
		};
		1F9EEDC518D5CA6100F94ED3 /* CustomUIClasses */ = {
			isa = PBXGroup;
			children = (
				61E26E9718DF060D00B499D0 /* TouchableImageView */,
				1FDFDF3018D5E74700354196 /* TopicListCell */,
				1FDFDF2F18D5E71C00354196 /* MMDrawerController */,
				1F9EEDC618D5CA6100F94ED3 /* PullRefresh */,
				1FDFDF0418D5E5F200354196 /* SVWebViewController */,
			);
			path = CustomUIClasses;
			sourceTree = "<group>";
		};
		1F9EEDC618D5CA6100F94ED3 /* PullRefresh */ = {
			isa = PBXGroup;
			children = (
				1F9EEDC718D5CA6100F94ED3 /* EGORefreshTableHeaderView.h */,
				1F9EEDC818D5CA6100F94ED3 /* EGORefreshTableHeaderView.m */,
				1F9EEDCB18D5CA6100F94ED3 /* LoadMoreTableFooterView.h */,
				1F9EEDCC18D5CA6100F94ED3 /* LoadMoreTableFooterView.m */,
			);
			path = PullRefresh;
			sourceTree = "<group>";
		};
		1FDFDF0418D5E5F200354196 /* SVWebViewController */ = {
			isa = PBXGroup;
			children = (
				1FDFDF0518D5E5F200354196 /* SVWebViewController.strings */,
				1FDFDF0C18D5E5F200354196 /* SVModalWebViewController.h */,
				1FDFDF0D18D5E5F200354196 /* SVModalWebViewController.m */,
				1FDFDF0E18D5E5F200354196 /* SVWebViewController.bundle */,
				1FDFDF0F18D5E5F200354196 /* SVWebViewController.h */,
				1FDFDF1018D5E5F200354196 /* SVWebViewController.m */,
				1FDFDF1118D5E5F200354196 /* UIActivities */,
			);
			path = SVWebViewController;
			sourceTree = "<group>";
		};
		1FDFDF1118D5E5F200354196 /* UIActivities */ = {
			isa = PBXGroup;
			children = (
				1FDFDF1218D5E5F200354196 /* Chrome */,
				1FDFDF1818D5E5F200354196 /* Safari */,
				1FDFDF1E18D5E5F200354196 /* SVWebViewControllerActivity.h */,
				1FDFDF1F18D5E5F200354196 /* SVWebViewControllerActivity.m */,
			);
			path = UIActivities;
			sourceTree = "<group>";
		};
		1FDFDF1218D5E5F200354196 /* Chrome */ = {
			isa = PBXGroup;
			children = (
				1FDFDF1318D5E5F200354196 /* SVWebViewControllerActivityChrome-iPad.png */,
				1FDFDF1418D5E5F200354196 /* SVWebViewControllerActivityChrome-iPad@2x.png */,
				1FDFDF1518D5E5F200354196 /* SVWebViewControllerActivityChrome.h */,
				1FDFDF1618D5E5F200354196 /* SVWebViewControllerActivityChrome.m */,
				1FDFDF1718D5E5F200354196 /* SVWebViewControllerActivityChrome@2x.png */,
			);
			path = Chrome;
			sourceTree = "<group>";
		};
		1FDFDF1818D5E5F200354196 /* Safari */ = {
			isa = PBXGroup;
			children = (
				1FDFDF1918D5E5F200354196 /* SVWebViewControllerActivitySafari-iPad.png */,
				1FDFDF1A18D5E5F200354196 /* SVWebViewControllerActivitySafari-iPad@2x.png */,
				1FDFDF1B18D5E5F200354196 /* SVWebViewControllerActivitySafari.h */,
				1FDFDF1C18D5E5F200354196 /* SVWebViewControllerActivitySafari.m */,
				1FDFDF1D18D5E5F200354196 /* SVWebViewControllerActivitySafari@2x.png */,
			);
			path = Safari;
			sourceTree = "<group>";
		};
		1FDFDF2F18D5E71C00354196 /* MMDrawerController */ = {
			isa = PBXGroup;
			children = (
			);
			path = MMDrawerController;
			sourceTree = "<group>";
		};
		1FDFDF3018D5E74700354196 /* TopicListCell */ = {
			isa = PBXGroup;
			children = (
				1FDFDF3118D5E76E00354196 /* TopicListCell.h */,
				1FDFDF3218D5E76E00354196 /* TopicListCell.m */,
			);
			path = TopicListCell;
			sourceTree = "<group>";
		};
		1FDFDF3C18D5F5ED00354196 /* MD5 */ = {
			isa = PBXGroup;
			children = (
				1FDFDF3D18D5F5ED00354196 /* md5.cpp */,
				1FDFDF3E18D5F5ED00354196 /* md5.h */,
				1FDFDF3F18D5F5ED00354196 /* NSData+MD5.h */,
				1FDFDF4018D5F5ED00354196 /* NSData+MD5.m */,
				1FDFDF4118D5F5ED00354196 /* NSString+MD5.h */,
				1FDFDF4218D5F5ED00354196 /* NSString+MD5.mm */,
			);
			path = MD5;
			sourceTree = "<group>";
		};
		61A0587818D7033900B8B085 /* ImageEffect */ = {
			isa = PBXGroup;
			children = (
				61A0587918D7034800B8B085 /* libNYXImagesKit.a */,
			);
			name = ImageEffect;
			sourceTree = "<group>";
		};
		61E26E9718DF060D00B499D0 /* TouchableImageView */ = {
			isa = PBXGroup;
			children = (
				61E26E9818DF063400B499D0 /* TouchableImageView.h */,
				61E26E9918DF063400B499D0 /* TouchableImageView.m */,
			);
			name = TouchableImageView;
			sourceTree = "<group>";
		};
/* End PBXGroup section */

/* Begin PBXNativeTarget section */
		1F509D8218D2E36900B1E411 /* HaiXiuGroup */ = {
			isa = PBXNativeTarget;
			buildConfigurationList = 1F509DB518D2E36900B1E411 /* Build configuration list for PBXNativeTarget "HaiXiuGroup" */;
			buildPhases = (
				1F509D7F18D2E36900B1E411 /* Sources */,
				1F509D8018D2E36900B1E411 /* Frameworks */,
				1F509D8118D2E36900B1E411 /* Resources */,
			);
			buildRules = (
			);
			dependencies = (
			);
			name = HaiXiuGroup;
			productName = HaiXiuGroup;
			productReference = 1F509D8318D2E36900B1E411 /* HaiXiuGroup.app */;
			productType = "com.apple.product-type.application";
		};
/* End PBXNativeTarget section */

/* Begin PBXProject section */
		1F509D7B18D2E36900B1E411 /* Project object */ = {
			isa = PBXProject;
			attributes = {
				LastUpgradeCheck = 0510;
				ORGANIZATIONNAME = zhang;
			};
			buildConfigurationList = 1F509D7E18D2E36900B1E411 /* Build configuration list for PBXProject "HaiXiuGroup" */;
			compatibilityVersion = "Xcode 3.2";
			developmentRegion = English;
			hasScannedForEncodings = 0;
			knownRegions = (
				en,
				Base,
				da,
				"es-ES",
				es,
				fr,
				ja,
				"zh-Hans",
				"zh-Hant",
			);
			mainGroup = 1F509D7A18D2E36900B1E411;
			productRefGroup = 1F509D8418D2E36900B1E411 /* Products */;
			projectDirPath = "";
			projectRoot = "";
			targets = (
				1F509D8218D2E36900B1E411 /* HaiXiuGroup */,
			);
		};
/* End PBXProject section */

/* Begin PBXResourcesBuildPhase section */
		1F509D8118D2E36900B1E411 /* Resources */ = {
			isa = PBXResourcesBuildPhase;
			buildActionMask = 2147483647;
			files = (
				1F9EEDD618D5CB1600F94ED3 /* TopicListViewController.xib in Resources */,
				1F509D9118D2E36900B1E411 /* InfoPlist.strings in Resources */,
				1F509DC918D2E6CD00B1E411 /* Default@2x.png in Resources */,
				1F509DC718D2E6CD00B1E411 /* Default-568h@2x.png in Resources */,
				1FDFDF2218D5E5F200354196 /* SVWebViewController.strings in Resources */,
				1F9EEDEA18D5D04B00F94ED3 /* LeftMenuViewController.xib in Resources */,
				1FDFDF2918D5E5F200354196 /* SVWebViewControllerActivityChrome@2x.png in Resources */,
				61F97D8618DD5AC6005A5051 /* NewTopicsViewController.xib in Resources */,
				1FDFDF2618D5E5F200354196 /* SVWebViewControllerActivityChrome-iPad.png in Resources */,
				1F509DC818D2E6CD00B1E411 /* Default.png in Resources */,
				1FDFDF2418D5E5F200354196 /* SVWebViewController.bundle in Resources */,
				1FDFDF2A18D5E5F200354196 /* SVWebViewControllerActivitySafari-iPad.png in Resources */,
				1FDFDF2718D5E5F200354196 /* SVWebViewControllerActivityChrome-iPad@2x.png in Resources */,
				1F9EEDF118D5D2BC00F94ED3 /* TopicDetailViewController.xib in Resources */,
				1FDFDF3518D5E78800354196 /* TopicListCell.xib in Resources */,
				1FDFDF2D18D5E5F200354196 /* SVWebViewControllerActivitySafari@2x.png in Resources */,
				1FDFDF2B18D5E5F200354196 /* SVWebViewControllerActivitySafari-iPad@2x.png in Resources */,
			);
			runOnlyForDeploymentPostprocessing = 0;
		};
/* End PBXResourcesBuildPhase section */

/* Begin PBXSourcesBuildPhase section */
		1F509D7F18D2E36900B1E411 /* Sources */ = {
			isa = PBXSourcesBuildPhase;
			buildActionMask = 2147483647;
			files = (
				1FDFDF4818D5F62800354196 /* SkipBackupUtils.m in Sources */,
				1F9EEDBC18D5B0C700F94ED3 /* User.m in Sources */,
				1FDFDF2C18D5E5F200354196 /* SVWebViewControllerActivitySafari.m in Sources */,
				1F9EEDC418D5C53A00F94ED3 /* ErrorCodeUtils.m in Sources */,
				1F138E4C18D348FC007EF456 /* ASIDataCompressor.m in Sources */,
				1F509D9718D2E36900B1E411 /* AppDelegate.m in Sources */,
				61F97D8518DD5AC6005A5051 /* NewTopicsViewController.m in Sources */,
				1FDFDF3318D5E76E00354196 /* TopicListCell.m in Sources */,
				1FDFDF2E18D5E5F200354196 /* SVWebViewControllerActivity.m in Sources */,
				1F9EEDE718D5D03C00F94ED3 /* LeftMenuViewController.m in Sources */,
				1F138E5018D348FC007EF456 /* ASIHTTPRequest.m in Sources */,
				1F9EEDBB18D5B0C700F94ED3 /* Topic.m in Sources */,
				1F9EEDF418D5D3C100F94ED3 /* UIImage+Color.m in Sources */,
				1F9EEDEE18D5D2B100F94ED3 /* TopicDetailViewController.m in Sources */,
				1F9EEDD318D5CAFC00F94ED3 /* TopicListViewController.m in Sources */,
				1FDFDF0318D5E35F00354196 /* UIViewController+iOS7Fix.m in Sources */,
				1F9EEDBF18D5B3B600F94ED3 /* DataParse.m in Sources */,
				1F138E4B18D348FC007EF456 /* ASIAuthenticationDialog.m in Sources */,
				1F138E4F18D348FC007EF456 /* ASIFormDataRequest.m in Sources */,
				1F9EEDCD18D5CA6100F94ED3 /* EGORefreshTableHeaderView.m in Sources */,
				61E26E9A18DF063400B499D0 /* TouchableImageView.m in Sources */,
				1F138E8218D34D30007EF456 /* DataEngine.m in Sources */,
				1FDFDF2518D5E5F200354196 /* SVWebViewController.m in Sources */,
				1F138E5118D348FC007EF456 /* ASIInputStream.m in Sources */,
				1FDFDF2318D5E5F200354196 /* SVModalWebViewController.m in Sources */,
				61F97D7F18DD3B74005A5051 /* NewTopic.m in Sources */,
				1FDFDF4418D5F5ED00354196 /* NSData+MD5.m in Sources */,
				1FDFDF3B18D5F1A900354196 /* NSStringExtra.m in Sources */,
				1FDFDF4518D5F5ED00354196 /* NSString+MD5.mm in Sources */,
				1FDFDF4B18D5F63F00354196 /* ImageCacheEngine.m in Sources */,
				1F509D9318D2E36900B1E411 /* main.m in Sources */,
				1F138E5218D348FC007EF456 /* ASINetworkQueue.m in Sources */,
				1F138E4D18D348FC007EF456 /* ASIDataDecompressor.m in Sources */,
				1F138E7418D3496E007EF456 /* Reachability.m in Sources */,
				1F138E8818D354C4007EF456 /* JSONKit.m in Sources */,
				1F9EEDCF18D5CA6100F94ED3 /* LoadMoreTableFooterView.m in Sources */,
				1F138E4E18D348FC007EF456 /* ASIDownloadCache.m in Sources */,
				1FDFDF4318D5F5ED00354196 /* md5.cpp in Sources */,
				1FDFDF2818D5E5F200354196 /* SVWebViewControllerActivityChrome.m in Sources */,
			);
			runOnlyForDeploymentPostprocessing = 0;
		};
/* End PBXSourcesBuildPhase section */

/* Begin PBXVariantGroup section */
		1F509D8F18D2E36900B1E411 /* InfoPlist.strings */ = {
			isa = PBXVariantGroup;
			children = (
				1F509D9018D2E36900B1E411 /* en */,
			);
			name = InfoPlist.strings;
			sourceTree = "<group>";
		};
		1FDFDF0518D5E5F200354196 /* SVWebViewController.strings */ = {
			isa = PBXVariantGroup;
			children = (
				1FDFDF0618D5E5F200354196 /* da */,
				1FDFDF0718D5E5F200354196 /* en */,
				1FDFDF0818D5E5F200354196 /* es-ES */,
				1FDFDF0918D5E5F200354196 /* es */,
				1FDFDF0A18D5E5F200354196 /* fr */,
				1FDFDF0B18D5E5F200354196 /* ja */,
				1FDFDF2018D5E5F200354196 /* zh-Hans */,
				1FDFDF2118D5E5F200354196 /* zh-Hant */,
			);
			name = SVWebViewController.strings;
			sourceTree = "<group>";
		};
/* End PBXVariantGroup section */

/* Begin XCBuildConfiguration section */
		1F509DB318D2E36900B1E411 /* Debug */ = {
			isa = XCBuildConfiguration;
			buildSettings = {
				ALWAYS_SEARCH_USER_PATHS = NO;
				CLANG_CXX_LANGUAGE_STANDARD = "gnu++0x";
				CLANG_CXX_LIBRARY = "libc++";
				CLANG_ENABLE_MODULES = YES;
				CLANG_ENABLE_OBJC_ARC = YES;
				CLANG_WARN_BOOL_CONVERSION = YES;
				CLANG_WARN_CONSTANT_CONVERSION = YES;
				CLANG_WARN_DIRECT_OBJC_ISA_USAGE = YES_ERROR;
				CLANG_WARN_EMPTY_BODY = YES;
				CLANG_WARN_ENUM_CONVERSION = YES;
				CLANG_WARN_INT_CONVERSION = YES;
				CLANG_WARN_OBJC_ROOT_CLASS = YES_ERROR;
				CLANG_WARN__DUPLICATE_METHOD_MATCH = YES;
				"CODE_SIGN_IDENTITY[sdk=iphoneos*]" = "iPhone Developer";
				COPY_PHASE_STRIP = NO;
				GCC_C_LANGUAGE_STANDARD = gnu99;
				GCC_DYNAMIC_NO_PIC = NO;
				GCC_OPTIMIZATION_LEVEL = 0;
				GCC_PREPROCESSOR_DEFINITIONS = (
					"DEBUG=1",
					"$(inherited)",
				);
				GCC_SYMBOLS_PRIVATE_EXTERN = NO;
				GCC_WARN_64_TO_32_BIT_CONVERSION = YES;
				GCC_WARN_ABOUT_RETURN_TYPE = YES_ERROR;
				GCC_WARN_UNDECLARED_SELECTOR = YES;
				GCC_WARN_UNINITIALIZED_AUTOS = YES_AGGRESSIVE;
				GCC_WARN_UNUSED_FUNCTION = YES;
				GCC_WARN_UNUSED_VARIABLE = YES;
				IPHONEOS_DEPLOYMENT_TARGET = 5.1;
				ONLY_ACTIVE_ARCH = YES;
				SDKROOT = iphoneos;
			};
			name = Debug;
		};
		1F509DB418D2E36900B1E411 /* Release */ = {
			isa = XCBuildConfiguration;
			buildSettings = {
				ALWAYS_SEARCH_USER_PATHS = NO;
				CLANG_CXX_LANGUAGE_STANDARD = "gnu++0x";
				CLANG_CXX_LIBRARY = "libc++";
				CLANG_ENABLE_MODULES = YES;
				CLANG_ENABLE_OBJC_ARC = YES;
				CLANG_WARN_BOOL_CONVERSION = YES;
				CLANG_WARN_CONSTANT_CONVERSION = YES;
				CLANG_WARN_DIRECT_OBJC_ISA_USAGE = YES_ERROR;
				CLANG_WARN_EMPTY_BODY = YES;
				CLANG_WARN_ENUM_CONVERSION = YES;
				CLANG_WARN_INT_CONVERSION = YES;
				CLANG_WARN_OBJC_ROOT_CLASS = YES_ERROR;
				CLANG_WARN__DUPLICATE_METHOD_MATCH = YES;
				"CODE_SIGN_IDENTITY[sdk=iphoneos*]" = "iPhone Developer";
				COPY_PHASE_STRIP = YES;
				ENABLE_NS_ASSERTIONS = NO;
				GCC_C_LANGUAGE_STANDARD = gnu99;
				GCC_WARN_64_TO_32_BIT_CONVERSION = YES;
				GCC_WARN_ABOUT_RETURN_TYPE = YES_ERROR;
				GCC_WARN_UNDECLARED_SELECTOR = YES;
				GCC_WARN_UNINITIALIZED_AUTOS = YES_AGGRESSIVE;
				GCC_WARN_UNUSED_FUNCTION = YES;
				GCC_WARN_UNUSED_VARIABLE = YES;
				IPHONEOS_DEPLOYMENT_TARGET = 5.1;
				SDKROOT = iphoneos;
				VALIDATE_PRODUCT = YES;
			};
			name = Release;
		};
		1F509DB618D2E36900B1E411 /* Debug */ = {
			isa = XCBuildConfiguration;
			buildSettings = {
				ASSETCATALOG_COMPILER_APPICON_NAME = AppIcon;
				ASSETCATALOG_COMPILER_LAUNCHIMAGE_NAME = LaunchImage;
				GCC_PRECOMPILE_PREFIX_HEADER = YES;
				GCC_PREFIX_HEADER = "HaiXiuGroup/HaiXiuGroup-Prefix.pch";
				INFOPLIST_FILE = "HaiXiuGroup/HaiXiuGroup-Info.plist";
				IPHONEOS_DEPLOYMENT_TARGET = 6.0;
				LIBRARY_SEARCH_PATHS = (
					"$(inherited)",
					"$(SYSTEM_APPS_DIR)/My\\ Xcode\\ Projects/HaiXiuGroup-iOS/HaiXiuGroup/HaiXiuGroup/Libraries",
				);
				PRODUCT_NAME = "$(TARGET_NAME)";
				WRAPPER_EXTENSION = app;
			};
			name = Debug;
		};
		1F509DB718D2E36900B1E411 /* Release */ = {
			isa = XCBuildConfiguration;
			buildSettings = {
				ASSETCATALOG_COMPILER_APPICON_NAME = AppIcon;
				ASSETCATALOG_COMPILER_LAUNCHIMAGE_NAME = LaunchImage;
				GCC_PRECOMPILE_PREFIX_HEADER = YES;
				GCC_PREFIX_HEADER = "HaiXiuGroup/HaiXiuGroup-Prefix.pch";
				INFOPLIST_FILE = "HaiXiuGroup/HaiXiuGroup-Info.plist";
				IPHONEOS_DEPLOYMENT_TARGET = 6.0;
				LIBRARY_SEARCH_PATHS = (
					"$(inherited)",
					"$(SYSTEM_APPS_DIR)/My\\ Xcode\\ Projects/HaiXiuGroup-iOS/HaiXiuGroup/HaiXiuGroup/Libraries",
				);
				PRODUCT_NAME = "$(TARGET_NAME)";
				WRAPPER_EXTENSION = app;
			};
			name = Release;
		};
/* End XCBuildConfiguration section */

/* Begin XCConfigurationList section */
		1F509D7E18D2E36900B1E411 /* Build configuration list for PBXProject "HaiXiuGroup" */ = {
			isa = XCConfigurationList;
			buildConfigurations = (
				1F509DB318D2E36900B1E411 /* Debug */,
				1F509DB418D2E36900B1E411 /* Release */,
			);
			defaultConfigurationIsVisible = 0;
			defaultConfigurationName = Release;
		};
		1F509DB518D2E36900B1E411 /* Build configuration list for PBXNativeTarget "HaiXiuGroup" */ = {
			isa = XCConfigurationList;
			buildConfigurations = (
				1F509DB618D2E36900B1E411 /* Debug */,
				1F509DB718D2E36900B1E411 /* Release */,
			);
			defaultConfigurationIsVisible = 0;
			defaultConfigurationName = Release;
		};
/* End XCConfigurationList section */
	};
	rootObject = 1F509D7B18D2E36900B1E411 /* Project object */;
}
